
Microsoft Visual Studio Solution File, Format Version 12.00
# Visual Studio Version 17
VisualStudioVersion = 17.3.32804.467
MinimumVisualStudioVersion = 10.0.40219.1
Project("{9A19103F-16F7-4668-BE54-9A1E7A4F7556}") = "HelloWorld", "HelloWord\HelloWorld.csproj", "{0876E9EA-18A6-497B-93DE-21AD4E971BAE}"
EndProject
Project("{FAE04EC0-301F-11D3-BF4B-00C04F79EFBC}") = "ProjetoDotNetFrameword", "ProjetoDotNetFrameword\ProjetoDotNetFrameword.csproj", "{3047F460-D1AC-4CD8-8DFD-26EDF6C8A9DA}"
EndProject
Project("{9A19103F-16F7-4668-BE54-9A1E7A4F7556}") = "StringMethods", "StringMethods\StringMethods.csproj", "{19F8A0C5-05F7-47BC-B6DE-FFF1090C588F}"
EndProject
Project("{9A19103F-16F7-4668-BE54-9A1E7A4F7556}") = "Constants", "Constants\Constants.csproj", "{380D5837-F440-4522-9984-E0A2B1E542D9}"
EndProject
Project("{9A19103F-16F7-4668-BE54-9A1E7A4F7556}") = "CreateMethods", "CreateMethods\CreateMethods.csproj", "{211EB8E2-DD9F-4E45-86A3-F00F6157C82B}"
EndProject
Project("{9A19103F-16F7-4668-BE54-9A1E7A4F7556}") = "TryCatch", "TryCatch\TryCatch.csproj", "{1376046C-1B67-4477-80E6-BB47F95F51BE}"
EndProject
Project("{9A19103F-16F7-4668-BE54-9A1E7A4F7556}") = "ifCondicion", "ifCondicion\ifCondicion.csproj", "{D90A129C-DE3F-44EC-AFBE-77A8BE57DB9E}"
EndProject
Project("{9A19103F-16F7-4668-BE54-9A1E7A4F7556}") = "TryParse", "TryParse\TryParse.csproj", "{981C1AF7-CF1E-49E7-A767-B9A5E0B1B0B9}"
EndProject
Project("{9A19103F-16F7-4668-BE54-9A1E7A4F7556}") = "SwitchCase", "SwitchCase\SwitchCase.csproj", "{BE2AF314-F251-450C-8BEB-8FEF0B08CF18}"
EndProject
Project("{9A19103F-16F7-4668-BE54-9A1E7A4F7556}") = "Enhanced_If_Statement", "Enhanced_If_Statement\Enhanced_If_Statement.csproj", "{3757E327-E057-4540-A1A0-650D116109A5}"
EndProject
Project("{9A19103F-16F7-4668-BE54-9A1E7A4F7556}") = "ForLoop", "ForLoop\ForLoop.csproj", "{A363049C-B491-4679-BF7E-94F096D7F9AB}"
EndProject
Project("{9A19103F-16F7-4668-BE54-9A1E7A4F7556}") = "DoWhileLoop", "DoWhileLoop\DoWhileLoop.csproj", "{F115BE8E-A3E5-4F60-9123-7722E97BC875}"
EndProject
Project("{9A19103F-16F7-4668-BE54-9A1E7A4F7556}") = "WhileLoop", "WhileLoop\WhileLoop.csproj", "{9D74D782-0399-4500-AC15-6A99F51E1CCF}"
EndProject
Project("{9A19103F-16F7-4668-BE54-9A1E7A4F7556}") = "BreakContinue", "BreakContinue\BreakContinue.csproj", "{FEFB234F-4385-49BE-BD86-8A65250CB03F}"
EndProject
Project("{9A19103F-16F7-4668-BE54-9A1E7A4F7556}") = "CreateOwnClass", "CreateOwnClass\CreateOwnClass.csproj", "{A73227DA-27BA-4A39-9C41-CF4D12D5E269}"
EndProject
Project("{9A19103F-16F7-4668-BE54-9A1E7A4F7556}") = "ClassProperties_Pt1", "ClassProperties_Pt1\ClassProperties_Pt1.csproj", "{3DA7E1A3-4C1B-4FA1-B804-D613352C8EDE}"
EndProject
Project("{9A19103F-16F7-4668-BE54-9A1E7A4F7556}") = "ClassMembers", "ClassMembers\ClassMembers.csproj", "{257D6432-0B5D-4420-A391-6CA59BCA3B90}"
EndProject
Project("{9A19103F-16F7-4668-BE54-9A1E7A4F7556}") = "Arrays", "Arrays\Arrays.csproj", "{BA427CD2-B643-41BD-8CC6-6EEA30EBA377}"
EndProject
Project("{9A19103F-16F7-4668-BE54-9A1E7A4F7556}") = "Arrays02", "Arrays02\Arrays02.csproj", "{7A654486-3115-427E-8F48-4F22DBD943CE}"
EndProject
Project("{9A19103F-16F7-4668-BE54-9A1E7A4F7556}") = "ArrayMultiDimension", "ArrayMultiDimension\ArrayMultiDimension.csproj", "{07ED942E-FB9B-4B3C-A1D9-E14C07BB6094}"
EndProject
Project("{9A19103F-16F7-4668-BE54-9A1E7A4F7556}") = "NestedForLoops", "NestedForLoops\NestedForLoops.csproj", "{E709F0CA-45E4-4304-A867-BCB061931C02}"
EndProject
Project("{9A19103F-16F7-4668-BE54-9A1E7A4F7556}") = "JaggedArray", "JaggedArray\JaggedArray.csproj", "{9A277A83-DE6B-4218-9FC5-CF327D58F663}"
EndProject
Project("{9A19103F-16F7-4668-BE54-9A1E7A4F7556}") = "ParametersArrays", "ParametersArrays\ParametersArrays.csproj", "{67F584FA-115F-416E-BDCC-C4EE70CAEEE5}"
EndProject
Project("{9A19103F-16F7-4668-BE54-9A1E7A4F7556}") = "ParametersKeyword", "ParametersKeyword\ParametersKeyword.csproj", "{F4205CBE-5974-4190-B60E-46C147ECAB9E}"
EndProject
Project("{9A19103F-16F7-4668-BE54-9A1E7A4F7556}") = "MinValueMultiple", "MinValueMultiple\MinValueMultiple.csproj", "{B5025423-EC50-4E20-A1A3-2F6AF93FD1FB}"
EndProject
Project("{9A19103F-16F7-4668-BE54-9A1E7A4F7556}") = "Collection_NonGeneric", "Collection\Collection_NonGeneric.csproj", "{E53AE58A-45D2-4994-8386-91781FA10901}"
EndProject
Project("{9A19103F-16F7-4668-BE54-9A1E7A4F7556}") = "Collections_Generic", "Collections_Generic\Collections_Generic.csproj", "{B3E8A2CF-5781-4E59-A5F8-885E9151EC57}"
EndProject
Project("{9A19103F-16F7-4668-BE54-9A1E7A4F7556}") = "HashTables", "HashTables\HashTables.csproj", "{0254D2DB-3A8C-4369-B69C-4706510C3160}"
EndProject
Project("{9A19103F-16F7-4668-BE54-9A1E7A4F7556}") = "Dictionaries", "Dictionaries\Dictionaries.csproj", "{8ED2A8CA-9980-4900-8EB1-EF096C850E02}"
EndProject
Project("{9A19103F-16F7-4668-BE54-9A1E7A4F7556}") = "StacksQueues", "StacksQueues\StacksQueues.csproj", "{C202B4CE-510F-4601-AC24-7339F22EF824}"
EndProject
Project("{9A19103F-16F7-4668-BE54-9A1E7A4F7556}") = "Queues", "Queues\Queues.csproj", "{5B29B45A-1F18-47A1-B57B-BFCF5581C380}"
EndProject
Project("{9A19103F-16F7-4668-BE54-9A1E7A4F7556}") = "Inheritance", "Inheritance\Inheritance.csproj", "{4444C352-76DB-44CD-814D-7EF8E20BA345}"
EndProject
Project("{9A19103F-16F7-4668-BE54-9A1E7A4F7556}") = "Inheritance_Animals", "Inheritance_Animals\Inheritance_Animals.csproj", "{ECF7F4EF-F098-42DA-B5E7-FBC01D9F1650}"
EndProject
Project("{9A19103F-16F7-4668-BE54-9A1E7A4F7556}") = "InheritancePost", "InheritancePost\InheritancePost.csproj", "{C9119671-DC67-4D1D-BFCD-BCB9081EB6E8}"
EndProject
Project("{9A19103F-16F7-4668-BE54-9A1E7A4F7556}") = "Interfaces", "Interfaces\Interfaces.csproj", "{D990DE9B-7228-42C9-A375-DFEC550F4BB0}"
EndProject
Project("{9A19103F-16F7-4668-BE54-9A1E7A4F7556}") = "IEnunerableEx01", "IEnunerableEx01\IEnunerableEx01.csproj", "{D0785A8B-AE67-400F-BFDA-508AC9F5BEAC}"
EndProject
Project("{9A19103F-16F7-4668-BE54-9A1E7A4F7556}") = "Polymorphism01", "Polymorphism01\Polymorphism01.csproj", "{4CE79114-B447-40E1-9880-F7AE75C494CC}"
EndProject
Project("{9A19103F-16F7-4668-BE54-9A1E7A4F7556}") = "Polymorphism_Abstract", "Polymorphism_Abstract\Polymorphism_Abstract.csproj", "{29623104-43F7-489D-B78D-0171646A2AFE}"
EndProject
Project("{FAE04EC0-301F-11D3-BF4B-00C04F79EFBC}") = "Polym_ReadTextFile", "Polym_ReadTextFile\Polym_ReadTextFile.csproj", "{DE09AA85-7CCA-48A0-9EF9-D8921F7DA9F7}"
EndProject
Project("{FAE04EC0-301F-11D3-BF4B-00C04F79EFBC}") = "Polym_WriteTextFile", "Polym_WriteTextFile\Polym_WriteTextFile.csproj", "{3673335A-43E6-4E38-9A04-095114F2A864}"
EndProject
Project("{FAE04EC0-301F-11D3-BF4B-00C04F79EFBC}") = "Struct", "Struct\Struct.csproj", "{9E4CBF92-B553-4C92-87A5-A80B03CF7F75}"
EndProject
Project("{FAE04EC0-301F-11D3-BF4B-00C04F79EFBC}") = "Enums", "Enums\Enums.csproj", "{A6B999A4-8F0D-463C-8945-165B38876F2D}"
EndProject
Project("{FAE04EC0-301F-11D3-BF4B-00C04F79EFBC}") = "MathClass", "MathClass\MathClass.csproj", "{DC5390F8-3980-4A49-901C-8F3F3C60BA5D}"
EndProject
Project("{FAE04EC0-301F-11D3-BF4B-00C04F79EFBC}") = "RandomClass", "RandomClass\RandomClass.csproj", "{0C369327-3858-46F6-A606-6AADCFCD48D0}"
EndProject
Project("{FAE04EC0-301F-11D3-BF4B-00C04F79EFBC}") = "RegularExpressions", "RegularExpressions\RegularExpressions.csproj", "{62BB6C8A-301A-4762-99D7-EB2232F6D3E8}"
EndProject
Project("{FAE04EC0-301F-11D3-BF4B-00C04F79EFBC}") = "DateTimeClass", "DateTimeClass\DateTimeClass.csproj", "{EF8ABAE3-5524-4DD9-9664-45F78DC48F0F}"
EndProject
Project("{FAE04EC0-301F-11D3-BF4B-00C04F79EFBC}") = "Nullables", "Nullables\Nullables.csproj", "{AA164D0E-C207-45B6-B66D-D32A36FE88D6}"
EndProject
Project("{FAE04EC0-301F-11D3-BF4B-00C04F79EFBC}") = "MainArgs", "MainArgs\MainArgs.csproj", "{CA5C2FB1-7D5D-4573-8FFE-F746B8AD3F93}"
EndProject
Project("{FAE04EC0-301F-11D3-BF4B-00C04F79EFBC}") = "DelegatesBasic", "DelegatesBasic\DelegatesBasic.csproj", "{822984D7-77BB-4F98-843A-1024C1E209A6}"
EndProject
Project("{FAE04EC0-301F-11D3-BF4B-00C04F79EFBC}") = "DelegatesCreating", "DelegatesCreating\DelegatesCreating.csproj", "{10358CFA-5E79-4A16-BDB3-10F937F65082}"
EndProject
Project("{FAE04EC0-301F-11D3-BF4B-00C04F79EFBC}") = "LambdaExpression", "LambdaExpression\LambdaExpression.csproj", "{4DCE930B-7D3A-4666-ACB1-CB172F978309}"
EndProject
Project("{FAE04EC0-301F-11D3-BF4B-00C04F79EFBC}") = "MulticastDelegate", "MulticastDelegate\MulticastDelegate.csproj", "{34FF3B02-4C17-4C9F-AE1F-D14E0F99019E}"
EndProject
Project("{2150E333-8FDC-42A3-9474-1A3956D46DE8}") = "WPF CLASS", "WPF CLASS", "{9AC8D0EB-7751-474A-86B7-03F88AFE7FCE}"
EndProject
Project("{FAE04EC0-301F-11D3-BF4B-00C04F79EFBC}") = "WPF_Aula01", "WPF_Aula01\WPF_Aula01.csproj", "{FCE4255E-873F-4986-91E6-648D3B4B1620}"
EndProject
Project("{FAE04EC0-301F-11D3-BF4B-00C04F79EFBC}") = "XAMLBasics_Code", "XAMLBasics_Code\XAMLBasics_Code.csproj", "{635E2AAC-FC4A-4076-8AC6-39085D2CF9BE}"
EndProject
Project("{FAE04EC0-301F-11D3-BF4B-00C04F79EFBC}") = "StackPanel_ListBox", "StackPanel_ListBox\StackPanel_ListBox.csproj", "{76E78480-76C2-446D-9059-F977EDFBA85D}"
EndProject
Project("{FAE04EC0-301F-11D3-BF4B-00C04F79EFBC}") = "RoutedEvents", "RoutedEvents\RoutedEvents.csproj", "{A03A9709-FD2D-47DD-AA82-6583DD7E24EB}"
EndProject
Project("{FAE04EC0-301F-11D3-BF4B-00C04F79EFBC}") = "GRID", "GRID\GRID.csproj", "{9B05B0D9-4149-4515-9AAF-B5204756A7F6}"
EndProject
Project("{FAE04EC0-301F-11D3-BF4B-00C04F79EFBC}") = "DependencyProperties", "DependencyProperties\DependencyProperties.csproj", "{B7B0BC5B-910A-40F2-9763-76B24E26DB6C}"
EndProject
Project("{FAE04EC0-301F-11D3-BF4B-00C04F79EFBC}") = "DataBinding", "DataBinding\DataBinding.csproj", "{30E3E26C-444C-4C7F-916D-EE1CBDC73522}"
EndProject
Project("{FAE04EC0-301F-11D3-BF4B-00C04F79EFBC}") = "Interface_NotifyPropertyChanged", "Interface_NotifyPropertyChanged\Interface_NotifyPropertyChanged.csproj", "{60688B2D-2FF1-402A-AA10-5A1E6E397DF4}"
EndProject
Project("{FAE04EC0-301F-11D3-BF4B-00C04F79EFBC}") = "ListBoxAndList", "ListBoxAndList\ListBoxAndList.csproj", "{7E395B5B-E801-4251-9FA0-9BE462BE5A85}"
EndProject
Project("{FAE04EC0-301F-11D3-BF4B-00C04F79EFBC}") = "WPF_ComboBox", "WPF_ComboBox\WPF_ComboBox.csproj", "{2980B4BB-4E77-43B3-85E9-5F63CEAB613D}"
EndProject
Project("{FAE04EC0-301F-11D3-BF4B-00C04F79EFBC}") = "WPF_CheckBox", "WPF_CheckBox\WPF_CheckBox.csproj", "{BA80A133-29C2-47E9-881E-C3F3AAE76E47}"
EndProject
Project("{2150E333-8FDC-42A3-9474-1A3956D46DE8}") = "Data Base", "Data Base", "{79F67BBE-F267-4CA4-A033-D00CA02675F9}"
EndProject
Project("{FAE04EC0-301F-11D3-BF4B-00C04F79EFBC}") = "WPF_Zoo", "WPF_Zoo\WPF_Zoo.csproj", "{70A7B433-E0EB-456A-9D9A-3400F47DBF90}"
EndProject
Project("{2150E333-8FDC-42A3-9474-1A3956D46DE8}") = "Linq", "Linq", "{C21A42C9-E52A-441E-8F14-FD6B58E51D3F}"
EndProject
Project("{FAE04EC0-301F-11D3-BF4B-00C04F79EFBC}") = "Linq_Aula01", "Linq_Aula01\Linq_Aula01.csproj", "{98A0363E-A1FC-4039-BC8E-5C7170B2A338}"
EndProject
Project("{FAE04EC0-301F-11D3-BF4B-00C04F79EFBC}") = "LinqWithList", "LinqWithList\LinqWithList.csproj", "{CC89854F-CA3A-4B04-A7A5-AFC1D9B2776E}"
EndProject
Global
	GlobalSection(SolutionConfigurationPlatforms) = preSolution
		Debug|Any CPU = Debug|Any CPU
		Release|Any CPU = Release|Any CPU
	EndGlobalSection
	GlobalSection(ProjectConfigurationPlatforms) = postSolution
		{0876E9EA-18A6-497B-93DE-21AD4E971BAE}.Debug|Any CPU.ActiveCfg = Debug|Any CPU
		{0876E9EA-18A6-497B-93DE-21AD4E971BAE}.Debug|Any CPU.Build.0 = Debug|Any CPU
		{0876E9EA-18A6-497B-93DE-21AD4E971BAE}.Release|Any CPU.ActiveCfg = Release|Any CPU
		{0876E9EA-18A6-497B-93DE-21AD4E971BAE}.Release|Any CPU.Build.0 = Release|Any CPU
		{3047F460-D1AC-4CD8-8DFD-26EDF6C8A9DA}.Debug|Any CPU.ActiveCfg = Debug|Any CPU
		{3047F460-D1AC-4CD8-8DFD-26EDF6C8A9DA}.Debug|Any CPU.Build.0 = Debug|Any CPU
		{3047F460-D1AC-4CD8-8DFD-26EDF6C8A9DA}.Release|Any CPU.ActiveCfg = Release|Any CPU
		{3047F460-D1AC-4CD8-8DFD-26EDF6C8A9DA}.Release|Any CPU.Build.0 = Release|Any CPU
		{19F8A0C5-05F7-47BC-B6DE-FFF1090C588F}.Debug|Any CPU.ActiveCfg = Debug|Any CPU
		{19F8A0C5-05F7-47BC-B6DE-FFF1090C588F}.Debug|Any CPU.Build.0 = Debug|Any CPU
		{19F8A0C5-05F7-47BC-B6DE-FFF1090C588F}.Release|Any CPU.ActiveCfg = Release|Any CPU
		{19F8A0C5-05F7-47BC-B6DE-FFF1090C588F}.Release|Any CPU.Build.0 = Release|Any CPU
		{380D5837-F440-4522-9984-E0A2B1E542D9}.Debug|Any CPU.ActiveCfg = Debug|Any CPU
		{380D5837-F440-4522-9984-E0A2B1E542D9}.Debug|Any CPU.Build.0 = Debug|Any CPU
		{380D5837-F440-4522-9984-E0A2B1E542D9}.Release|Any CPU.ActiveCfg = Release|Any CPU
		{380D5837-F440-4522-9984-E0A2B1E542D9}.Release|Any CPU.Build.0 = Release|Any CPU
		{211EB8E2-DD9F-4E45-86A3-F00F6157C82B}.Debug|Any CPU.ActiveCfg = Debug|Any CPU
		{211EB8E2-DD9F-4E45-86A3-F00F6157C82B}.Debug|Any CPU.Build.0 = Debug|Any CPU
		{211EB8E2-DD9F-4E45-86A3-F00F6157C82B}.Release|Any CPU.ActiveCfg = Release|Any CPU
		{211EB8E2-DD9F-4E45-86A3-F00F6157C82B}.Release|Any CPU.Build.0 = Release|Any CPU
		{1376046C-1B67-4477-80E6-BB47F95F51BE}.Debug|Any CPU.ActiveCfg = Debug|Any CPU
		{1376046C-1B67-4477-80E6-BB47F95F51BE}.Debug|Any CPU.Build.0 = Debug|Any CPU
		{1376046C-1B67-4477-80E6-BB47F95F51BE}.Release|Any CPU.ActiveCfg = Release|Any CPU
		{1376046C-1B67-4477-80E6-BB47F95F51BE}.Release|Any CPU.Build.0 = Release|Any CPU
		{D90A129C-DE3F-44EC-AFBE-77A8BE57DB9E}.Debug|Any CPU.ActiveCfg = Debug|Any CPU
		{D90A129C-DE3F-44EC-AFBE-77A8BE57DB9E}.Debug|Any CPU.Build.0 = Debug|Any CPU
		{D90A129C-DE3F-44EC-AFBE-77A8BE57DB9E}.Release|Any CPU.ActiveCfg = Release|Any CPU
		{D90A129C-DE3F-44EC-AFBE-77A8BE57DB9E}.Release|Any CPU.Build.0 = Release|Any CPU
		{981C1AF7-CF1E-49E7-A767-B9A5E0B1B0B9}.Debug|Any CPU.ActiveCfg = Debug|Any CPU
		{981C1AF7-CF1E-49E7-A767-B9A5E0B1B0B9}.Debug|Any CPU.Build.0 = Debug|Any CPU
		{981C1AF7-CF1E-49E7-A767-B9A5E0B1B0B9}.Release|Any CPU.ActiveCfg = Release|Any CPU
		{981C1AF7-CF1E-49E7-A767-B9A5E0B1B0B9}.Release|Any CPU.Build.0 = Release|Any CPU
		{BE2AF314-F251-450C-8BEB-8FEF0B08CF18}.Debug|Any CPU.ActiveCfg = Debug|Any CPU
		{BE2AF314-F251-450C-8BEB-8FEF0B08CF18}.Debug|Any CPU.Build.0 = Debug|Any CPU
		{BE2AF314-F251-450C-8BEB-8FEF0B08CF18}.Release|Any CPU.ActiveCfg = Release|Any CPU
		{BE2AF314-F251-450C-8BEB-8FEF0B08CF18}.Release|Any CPU.Build.0 = Release|Any CPU
		{3757E327-E057-4540-A1A0-650D116109A5}.Debug|Any CPU.ActiveCfg = Debug|Any CPU
		{3757E327-E057-4540-A1A0-650D116109A5}.Debug|Any CPU.Build.0 = Debug|Any CPU
		{3757E327-E057-4540-A1A0-650D116109A5}.Release|Any CPU.ActiveCfg = Release|Any CPU
		{3757E327-E057-4540-A1A0-650D116109A5}.Release|Any CPU.Build.0 = Release|Any CPU
		{A363049C-B491-4679-BF7E-94F096D7F9AB}.Debug|Any CPU.ActiveCfg = Debug|Any CPU
		{A363049C-B491-4679-BF7E-94F096D7F9AB}.Debug|Any CPU.Build.0 = Debug|Any CPU
		{A363049C-B491-4679-BF7E-94F096D7F9AB}.Release|Any CPU.ActiveCfg = Release|Any CPU
		{A363049C-B491-4679-BF7E-94F096D7F9AB}.Release|Any CPU.Build.0 = Release|Any CPU
		{F115BE8E-A3E5-4F60-9123-7722E97BC875}.Debug|Any CPU.ActiveCfg = Debug|Any CPU
		{F115BE8E-A3E5-4F60-9123-7722E97BC875}.Debug|Any CPU.Build.0 = Debug|Any CPU
		{F115BE8E-A3E5-4F60-9123-7722E97BC875}.Release|Any CPU.ActiveCfg = Release|Any CPU
		{F115BE8E-A3E5-4F60-9123-7722E97BC875}.Release|Any CPU.Build.0 = Release|Any CPU
		{9D74D782-0399-4500-AC15-6A99F51E1CCF}.Debug|Any CPU.ActiveCfg = Debug|Any CPU
		{9D74D782-0399-4500-AC15-6A99F51E1CCF}.Debug|Any CPU.Build.0 = Debug|Any CPU
		{9D74D782-0399-4500-AC15-6A99F51E1CCF}.Release|Any CPU.ActiveCfg = Release|Any CPU
		{9D74D782-0399-4500-AC15-6A99F51E1CCF}.Release|Any CPU.Build.0 = Release|Any CPU
		{FEFB234F-4385-49BE-BD86-8A65250CB03F}.Debug|Any CPU.ActiveCfg = Debug|Any CPU
		{FEFB234F-4385-49BE-BD86-8A65250CB03F}.Debug|Any CPU.Build.0 = Debug|Any CPU
		{FEFB234F-4385-49BE-BD86-8A65250CB03F}.Release|Any CPU.ActiveCfg = Release|Any CPU
		{FEFB234F-4385-49BE-BD86-8A65250CB03F}.Release|Any CPU.Build.0 = Release|Any CPU
		{A73227DA-27BA-4A39-9C41-CF4D12D5E269}.Debug|Any CPU.ActiveCfg = Debug|Any CPU
		{A73227DA-27BA-4A39-9C41-CF4D12D5E269}.Debug|Any CPU.Build.0 = Debug|Any CPU
		{A73227DA-27BA-4A39-9C41-CF4D12D5E269}.Release|Any CPU.ActiveCfg = Release|Any CPU
		{A73227DA-27BA-4A39-9C41-CF4D12D5E269}.Release|Any CPU.Build.0 = Release|Any CPU
		{3DA7E1A3-4C1B-4FA1-B804-D613352C8EDE}.Debug|Any CPU.ActiveCfg = Debug|Any CPU
		{3DA7E1A3-4C1B-4FA1-B804-D613352C8EDE}.Debug|Any CPU.Build.0 = Debug|Any CPU
		{3DA7E1A3-4C1B-4FA1-B804-D613352C8EDE}.Release|Any CPU.ActiveCfg = Release|Any CPU
		{3DA7E1A3-4C1B-4FA1-B804-D613352C8EDE}.Release|Any CPU.Build.0 = Release|Any CPU
		{257D6432-0B5D-4420-A391-6CA59BCA3B90}.Debug|Any CPU.ActiveCfg = Debug|Any CPU
		{257D6432-0B5D-4420-A391-6CA59BCA3B90}.Debug|Any CPU.Build.0 = Debug|Any CPU
		{257D6432-0B5D-4420-A391-6CA59BCA3B90}.Release|Any CPU.ActiveCfg = Release|Any CPU
		{257D6432-0B5D-4420-A391-6CA59BCA3B90}.Release|Any CPU.Build.0 = Release|Any CPU
		{BA427CD2-B643-41BD-8CC6-6EEA30EBA377}.Debug|Any CPU.ActiveCfg = Debug|Any CPU
		{BA427CD2-B643-41BD-8CC6-6EEA30EBA377}.Debug|Any CPU.Build.0 = Debug|Any CPU
		{BA427CD2-B643-41BD-8CC6-6EEA30EBA377}.Release|Any CPU.ActiveCfg = Release|Any CPU
		{BA427CD2-B643-41BD-8CC6-6EEA30EBA377}.Release|Any CPU.Build.0 = Release|Any CPU
		{7A654486-3115-427E-8F48-4F22DBD943CE}.Debug|Any CPU.ActiveCfg = Debug|Any CPU
		{7A654486-3115-427E-8F48-4F22DBD943CE}.Debug|Any CPU.Build.0 = Debug|Any CPU
		{7A654486-3115-427E-8F48-4F22DBD943CE}.Release|Any CPU.ActiveCfg = Release|Any CPU
		{7A654486-3115-427E-8F48-4F22DBD943CE}.Release|Any CPU.Build.0 = Release|Any CPU
		{07ED942E-FB9B-4B3C-A1D9-E14C07BB6094}.Debug|Any CPU.ActiveCfg = Debug|Any CPU
		{07ED942E-FB9B-4B3C-A1D9-E14C07BB6094}.Debug|Any CPU.Build.0 = Debug|Any CPU
		{07ED942E-FB9B-4B3C-A1D9-E14C07BB6094}.Release|Any CPU.ActiveCfg = Release|Any CPU
		{07ED942E-FB9B-4B3C-A1D9-E14C07BB6094}.Release|Any CPU.Build.0 = Release|Any CPU
		{E709F0CA-45E4-4304-A867-BCB061931C02}.Debug|Any CPU.ActiveCfg = Debug|Any CPU
		{E709F0CA-45E4-4304-A867-BCB061931C02}.Debug|Any CPU.Build.0 = Debug|Any CPU
		{E709F0CA-45E4-4304-A867-BCB061931C02}.Release|Any CPU.ActiveCfg = Release|Any CPU
		{E709F0CA-45E4-4304-A867-BCB061931C02}.Release|Any CPU.Build.0 = Release|Any CPU
		{9A277A83-DE6B-4218-9FC5-CF327D58F663}.Debug|Any CPU.ActiveCfg = Debug|Any CPU
		{9A277A83-DE6B-4218-9FC5-CF327D58F663}.Debug|Any CPU.Build.0 = Debug|Any CPU
		{9A277A83-DE6B-4218-9FC5-CF327D58F663}.Release|Any CPU.ActiveCfg = Release|Any CPU
		{9A277A83-DE6B-4218-9FC5-CF327D58F663}.Release|Any CPU.Build.0 = Release|Any CPU
		{67F584FA-115F-416E-BDCC-C4EE70CAEEE5}.Debug|Any CPU.ActiveCfg = Debug|Any CPU
		{67F584FA-115F-416E-BDCC-C4EE70CAEEE5}.Debug|Any CPU.Build.0 = Debug|Any CPU
		{67F584FA-115F-416E-BDCC-C4EE70CAEEE5}.Release|Any CPU.ActiveCfg = Release|Any CPU
		{67F584FA-115F-416E-BDCC-C4EE70CAEEE5}.Release|Any CPU.Build.0 = Release|Any CPU
		{F4205CBE-5974-4190-B60E-46C147ECAB9E}.Debug|Any CPU.ActiveCfg = Debug|Any CPU
		{F4205CBE-5974-4190-B60E-46C147ECAB9E}.Debug|Any CPU.Build.0 = Debug|Any CPU
		{F4205CBE-5974-4190-B60E-46C147ECAB9E}.Release|Any CPU.ActiveCfg = Release|Any CPU
		{F4205CBE-5974-4190-B60E-46C147ECAB9E}.Release|Any CPU.Build.0 = Release|Any CPU
		{B5025423-EC50-4E20-A1A3-2F6AF93FD1FB}.Debug|Any CPU.ActiveCfg = Debug|Any CPU
		{B5025423-EC50-4E20-A1A3-2F6AF93FD1FB}.Debug|Any CPU.Build.0 = Debug|Any CPU
		{B5025423-EC50-4E20-A1A3-2F6AF93FD1FB}.Release|Any CPU.ActiveCfg = Release|Any CPU
		{B5025423-EC50-4E20-A1A3-2F6AF93FD1FB}.Release|Any CPU.Build.0 = Release|Any CPU
		{E53AE58A-45D2-4994-8386-91781FA10901}.Debug|Any CPU.ActiveCfg = Debug|Any CPU
		{E53AE58A-45D2-4994-8386-91781FA10901}.Debug|Any CPU.Build.0 = Debug|Any CPU
		{E53AE58A-45D2-4994-8386-91781FA10901}.Release|Any CPU.ActiveCfg = Release|Any CPU
		{E53AE58A-45D2-4994-8386-91781FA10901}.Release|Any CPU.Build.0 = Release|Any CPU
		{B3E8A2CF-5781-4E59-A5F8-885E9151EC57}.Debug|Any CPU.ActiveCfg = Debug|Any CPU
		{B3E8A2CF-5781-4E59-A5F8-885E9151EC57}.Debug|Any CPU.Build.0 = Debug|Any CPU
		{B3E8A2CF-5781-4E59-A5F8-885E9151EC57}.Release|Any CPU.ActiveCfg = Release|Any CPU
		{B3E8A2CF-5781-4E59-A5F8-885E9151EC57}.Release|Any CPU.Build.0 = Release|Any CPU
		{0254D2DB-3A8C-4369-B69C-4706510C3160}.Debug|Any CPU.ActiveCfg = Debug|Any CPU
		{0254D2DB-3A8C-4369-B69C-4706510C3160}.Debug|Any CPU.Build.0 = Debug|Any CPU
		{0254D2DB-3A8C-4369-B69C-4706510C3160}.Release|Any CPU.ActiveCfg = Release|Any CPU
		{0254D2DB-3A8C-4369-B69C-4706510C3160}.Release|Any CPU.Build.0 = Release|Any CPU
		{8ED2A8CA-9980-4900-8EB1-EF096C850E02}.Debug|Any CPU.ActiveCfg = Debug|Any CPU
		{8ED2A8CA-9980-4900-8EB1-EF096C850E02}.Debug|Any CPU.Build.0 = Debug|Any CPU
		{8ED2A8CA-9980-4900-8EB1-EF096C850E02}.Release|Any CPU.ActiveCfg = Release|Any CPU
		{8ED2A8CA-9980-4900-8EB1-EF096C850E02}.Release|Any CPU.Build.0 = Release|Any CPU
		{C202B4CE-510F-4601-AC24-7339F22EF824}.Debug|Any CPU.ActiveCfg = Debug|Any CPU
		{C202B4CE-510F-4601-AC24-7339F22EF824}.Debug|Any CPU.Build.0 = Debug|Any CPU
		{C202B4CE-510F-4601-AC24-7339F22EF824}.Release|Any CPU.ActiveCfg = Release|Any CPU
		{C202B4CE-510F-4601-AC24-7339F22EF824}.Release|Any CPU.Build.0 = Release|Any CPU
		{5B29B45A-1F18-47A1-B57B-BFCF5581C380}.Debug|Any CPU.ActiveCfg = Debug|Any CPU
		{5B29B45A-1F18-47A1-B57B-BFCF5581C380}.Debug|Any CPU.Build.0 = Debug|Any CPU
		{5B29B45A-1F18-47A1-B57B-BFCF5581C380}.Release|Any CPU.ActiveCfg = Release|Any CPU
		{5B29B45A-1F18-47A1-B57B-BFCF5581C380}.Release|Any CPU.Build.0 = Release|Any CPU
		{4444C352-76DB-44CD-814D-7EF8E20BA345}.Debug|Any CPU.ActiveCfg = Debug|Any CPU
		{4444C352-76DB-44CD-814D-7EF8E20BA345}.Debug|Any CPU.Build.0 = Debug|Any CPU
		{4444C352-76DB-44CD-814D-7EF8E20BA345}.Release|Any CPU.ActiveCfg = Release|Any CPU
		{4444C352-76DB-44CD-814D-7EF8E20BA345}.Release|Any CPU.Build.0 = Release|Any CPU
		{ECF7F4EF-F098-42DA-B5E7-FBC01D9F1650}.Debug|Any CPU.ActiveCfg = Debug|Any CPU
		{ECF7F4EF-F098-42DA-B5E7-FBC01D9F1650}.Debug|Any CPU.Build.0 = Debug|Any CPU
		{ECF7F4EF-F098-42DA-B5E7-FBC01D9F1650}.Release|Any CPU.ActiveCfg = Release|Any CPU
		{ECF7F4EF-F098-42DA-B5E7-FBC01D9F1650}.Release|Any CPU.Build.0 = Release|Any CPU
		{C9119671-DC67-4D1D-BFCD-BCB9081EB6E8}.Debug|Any CPU.ActiveCfg = Debug|Any CPU
		{C9119671-DC67-4D1D-BFCD-BCB9081EB6E8}.Debug|Any CPU.Build.0 = Debug|Any CPU
		{C9119671-DC67-4D1D-BFCD-BCB9081EB6E8}.Release|Any CPU.ActiveCfg = Release|Any CPU
		{C9119671-DC67-4D1D-BFCD-BCB9081EB6E8}.Release|Any CPU.Build.0 = Release|Any CPU
		{D990DE9B-7228-42C9-A375-DFEC550F4BB0}.Debug|Any CPU.ActiveCfg = Debug|Any CPU
		{D990DE9B-7228-42C9-A375-DFEC550F4BB0}.Debug|Any CPU.Build.0 = Debug|Any CPU
		{D990DE9B-7228-42C9-A375-DFEC550F4BB0}.Release|Any CPU.ActiveCfg = Release|Any CPU
		{D990DE9B-7228-42C9-A375-DFEC550F4BB0}.Release|Any CPU.Build.0 = Release|Any CPU
		{D0785A8B-AE67-400F-BFDA-508AC9F5BEAC}.Debug|Any CPU.ActiveCfg = Debug|Any CPU
		{D0785A8B-AE67-400F-BFDA-508AC9F5BEAC}.Debug|Any CPU.Build.0 = Debug|Any CPU
		{D0785A8B-AE67-400F-BFDA-508AC9F5BEAC}.Release|Any CPU.ActiveCfg = Release|Any CPU
		{D0785A8B-AE67-400F-BFDA-508AC9F5BEAC}.Release|Any CPU.Build.0 = Release|Any CPU
		{4CE79114-B447-40E1-9880-F7AE75C494CC}.Debug|Any CPU.ActiveCfg = Debug|Any CPU
		{4CE79114-B447-40E1-9880-F7AE75C494CC}.Debug|Any CPU.Build.0 = Debug|Any CPU
		{4CE79114-B447-40E1-9880-F7AE75C494CC}.Release|Any CPU.ActiveCfg = Release|Any CPU
		{4CE79114-B447-40E1-9880-F7AE75C494CC}.Release|Any CPU.Build.0 = Release|Any CPU
		{29623104-43F7-489D-B78D-0171646A2AFE}.Debug|Any CPU.ActiveCfg = Debug|Any CPU
		{29623104-43F7-489D-B78D-0171646A2AFE}.Debug|Any CPU.Build.0 = Debug|Any CPU
		{29623104-43F7-489D-B78D-0171646A2AFE}.Release|Any CPU.ActiveCfg = Release|Any CPU
		{29623104-43F7-489D-B78D-0171646A2AFE}.Release|Any CPU.Build.0 = Release|Any CPU
		{DE09AA85-7CCA-48A0-9EF9-D8921F7DA9F7}.Debug|Any CPU.ActiveCfg = Debug|Any CPU
		{DE09AA85-7CCA-48A0-9EF9-D8921F7DA9F7}.Debug|Any CPU.Build.0 = Debug|Any CPU
		{DE09AA85-7CCA-48A0-9EF9-D8921F7DA9F7}.Release|Any CPU.ActiveCfg = Release|Any CPU
		{DE09AA85-7CCA-48A0-9EF9-D8921F7DA9F7}.Release|Any CPU.Build.0 = Release|Any CPU
		{3673335A-43E6-4E38-9A04-095114F2A864}.Debug|Any CPU.ActiveCfg = Debug|Any CPU
		{3673335A-43E6-4E38-9A04-095114F2A864}.Debug|Any CPU.Build.0 = Debug|Any CPU
		{3673335A-43E6-4E38-9A04-095114F2A864}.Release|Any CPU.ActiveCfg = Release|Any CPU
		{3673335A-43E6-4E38-9A04-095114F2A864}.Release|Any CPU.Build.0 = Release|Any CPU
		{9E4CBF92-B553-4C92-87A5-A80B03CF7F75}.Debug|Any CPU.ActiveCfg = Debug|Any CPU
		{9E4CBF92-B553-4C92-87A5-A80B03CF7F75}.Debug|Any CPU.Build.0 = Debug|Any CPU
		{9E4CBF92-B553-4C92-87A5-A80B03CF7F75}.Release|Any CPU.ActiveCfg = Release|Any CPU
		{9E4CBF92-B553-4C92-87A5-A80B03CF7F75}.Release|Any CPU.Build.0 = Release|Any CPU
		{A6B999A4-8F0D-463C-8945-165B38876F2D}.Debug|Any CPU.ActiveCfg = Debug|Any CPU
		{A6B999A4-8F0D-463C-8945-165B38876F2D}.Debug|Any CPU.Build.0 = Debug|Any CPU
		{A6B999A4-8F0D-463C-8945-165B38876F2D}.Release|Any CPU.ActiveCfg = Release|Any CPU
		{A6B999A4-8F0D-463C-8945-165B38876F2D}.Release|Any CPU.Build.0 = Release|Any CPU
		{DC5390F8-3980-4A49-901C-8F3F3C60BA5D}.Debug|Any CPU.ActiveCfg = Debug|Any CPU
		{DC5390F8-3980-4A49-901C-8F3F3C60BA5D}.Debug|Any CPU.Build.0 = Debug|Any CPU
		{DC5390F8-3980-4A49-901C-8F3F3C60BA5D}.Release|Any CPU.ActiveCfg = Release|Any CPU
		{DC5390F8-3980-4A49-901C-8F3F3C60BA5D}.Release|Any CPU.Build.0 = Release|Any CPU
		{0C369327-3858-46F6-A606-6AADCFCD48D0}.Debug|Any CPU.ActiveCfg = Debug|Any CPU
		{0C369327-3858-46F6-A606-6AADCFCD48D0}.Debug|Any CPU.Build.0 = Debug|Any CPU
		{0C369327-3858-46F6-A606-6AADCFCD48D0}.Release|Any CPU.ActiveCfg = Release|Any CPU
		{0C369327-3858-46F6-A606-6AADCFCD48D0}.Release|Any CPU.Build.0 = Release|Any CPU
		{62BB6C8A-301A-4762-99D7-EB2232F6D3E8}.Debug|Any CPU.ActiveCfg = Debug|Any CPU
		{62BB6C8A-301A-4762-99D7-EB2232F6D3E8}.Debug|Any CPU.Build.0 = Debug|Any CPU
		{62BB6C8A-301A-4762-99D7-EB2232F6D3E8}.Release|Any CPU.ActiveCfg = Release|Any CPU
		{62BB6C8A-301A-4762-99D7-EB2232F6D3E8}.Release|Any CPU.Build.0 = Release|Any CPU
		{EF8ABAE3-5524-4DD9-9664-45F78DC48F0F}.Debug|Any CPU.ActiveCfg = Debug|Any CPU
		{EF8ABAE3-5524-4DD9-9664-45F78DC48F0F}.Debug|Any CPU.Build.0 = Debug|Any CPU
		{EF8ABAE3-5524-4DD9-9664-45F78DC48F0F}.Release|Any CPU.ActiveCfg = Release|Any CPU
		{EF8ABAE3-5524-4DD9-9664-45F78DC48F0F}.Release|Any CPU.Build.0 = Release|Any CPU
		{AA164D0E-C207-45B6-B66D-D32A36FE88D6}.Debug|Any CPU.ActiveCfg = Debug|Any CPU
		{AA164D0E-C207-45B6-B66D-D32A36FE88D6}.Debug|Any CPU.Build.0 = Debug|Any CPU
		{AA164D0E-C207-45B6-B66D-D32A36FE88D6}.Release|Any CPU.ActiveCfg = Release|Any CPU
		{AA164D0E-C207-45B6-B66D-D32A36FE88D6}.Release|Any CPU.Build.0 = Release|Any CPU
		{CA5C2FB1-7D5D-4573-8FFE-F746B8AD3F93}.Debug|Any CPU.ActiveCfg = Debug|Any CPU
		{CA5C2FB1-7D5D-4573-8FFE-F746B8AD3F93}.Debug|Any CPU.Build.0 = Debug|Any CPU
		{CA5C2FB1-7D5D-4573-8FFE-F746B8AD3F93}.Release|Any CPU.ActiveCfg = Release|Any CPU
		{CA5C2FB1-7D5D-4573-8FFE-F746B8AD3F93}.Release|Any CPU.Build.0 = Release|Any CPU
		{822984D7-77BB-4F98-843A-1024C1E209A6}.Debug|Any CPU.ActiveCfg = Debug|Any CPU
		{822984D7-77BB-4F98-843A-1024C1E209A6}.Debug|Any CPU.Build.0 = Debug|Any CPU
		{822984D7-77BB-4F98-843A-1024C1E209A6}.Release|Any CPU.ActiveCfg = Release|Any CPU
		{822984D7-77BB-4F98-843A-1024C1E209A6}.Release|Any CPU.Build.0 = Release|Any CPU
		{10358CFA-5E79-4A16-BDB3-10F937F65082}.Debug|Any CPU.ActiveCfg = Debug|Any CPU
		{10358CFA-5E79-4A16-BDB3-10F937F65082}.Debug|Any CPU.Build.0 = Debug|Any CPU
		{10358CFA-5E79-4A16-BDB3-10F937F65082}.Release|Any CPU.ActiveCfg = Release|Any CPU
		{10358CFA-5E79-4A16-BDB3-10F937F65082}.Release|Any CPU.Build.0 = Release|Any CPU
		{4DCE930B-7D3A-4666-ACB1-CB172F978309}.Debug|Any CPU.ActiveCfg = Debug|Any CPU
		{4DCE930B-7D3A-4666-ACB1-CB172F978309}.Debug|Any CPU.Build.0 = Debug|Any CPU
		{4DCE930B-7D3A-4666-ACB1-CB172F978309}.Release|Any CPU.ActiveCfg = Release|Any CPU
		{4DCE930B-7D3A-4666-ACB1-CB172F978309}.Release|Any CPU.Build.0 = Release|Any CPU
		{34FF3B02-4C17-4C9F-AE1F-D14E0F99019E}.Debug|Any CPU.ActiveCfg = Debug|Any CPU
		{34FF3B02-4C17-4C9F-AE1F-D14E0F99019E}.Debug|Any CPU.Build.0 = Debug|Any CPU
		{34FF3B02-4C17-4C9F-AE1F-D14E0F99019E}.Release|Any CPU.ActiveCfg = Release|Any CPU
		{34FF3B02-4C17-4C9F-AE1F-D14E0F99019E}.Release|Any CPU.Build.0 = Release|Any CPU
		{FCE4255E-873F-4986-91E6-648D3B4B1620}.Debug|Any CPU.ActiveCfg = Debug|Any CPU
		{FCE4255E-873F-4986-91E6-648D3B4B1620}.Debug|Any CPU.Build.0 = Debug|Any CPU
		{FCE4255E-873F-4986-91E6-648D3B4B1620}.Release|Any CPU.ActiveCfg = Release|Any CPU
		{FCE4255E-873F-4986-91E6-648D3B4B1620}.Release|Any CPU.Build.0 = Release|Any CPU
		{635E2AAC-FC4A-4076-8AC6-39085D2CF9BE}.Debug|Any CPU.ActiveCfg = Debug|Any CPU
		{635E2AAC-FC4A-4076-8AC6-39085D2CF9BE}.Debug|Any CPU.Build.0 = Debug|Any CPU
		{635E2AAC-FC4A-4076-8AC6-39085D2CF9BE}.Release|Any CPU.ActiveCfg = Release|Any CPU
		{635E2AAC-FC4A-4076-8AC6-39085D2CF9BE}.Release|Any CPU.Build.0 = Release|Any CPU
		{76E78480-76C2-446D-9059-F977EDFBA85D}.Debug|Any CPU.ActiveCfg = Debug|Any CPU
		{76E78480-76C2-446D-9059-F977EDFBA85D}.Debug|Any CPU.Build.0 = Debug|Any CPU
		{76E78480-76C2-446D-9059-F977EDFBA85D}.Release|Any CPU.ActiveCfg = Release|Any CPU
		{76E78480-76C2-446D-9059-F977EDFBA85D}.Release|Any CPU.Build.0 = Release|Any CPU
		{A03A9709-FD2D-47DD-AA82-6583DD7E24EB}.Debug|Any CPU.ActiveCfg = Debug|Any CPU
		{A03A9709-FD2D-47DD-AA82-6583DD7E24EB}.Debug|Any CPU.Build.0 = Debug|Any CPU
		{A03A9709-FD2D-47DD-AA82-6583DD7E24EB}.Release|Any CPU.ActiveCfg = Release|Any CPU
		{A03A9709-FD2D-47DD-AA82-6583DD7E24EB}.Release|Any CPU.Build.0 = Release|Any CPU
		{9B05B0D9-4149-4515-9AAF-B5204756A7F6}.Debug|Any CPU.ActiveCfg = Debug|Any CPU
		{9B05B0D9-4149-4515-9AAF-B5204756A7F6}.Debug|Any CPU.Build.0 = Debug|Any CPU
		{9B05B0D9-4149-4515-9AAF-B5204756A7F6}.Release|Any CPU.ActiveCfg = Release|Any CPU
		{9B05B0D9-4149-4515-9AAF-B5204756A7F6}.Release|Any CPU.Build.0 = Release|Any CPU
		{B7B0BC5B-910A-40F2-9763-76B24E26DB6C}.Debug|Any CPU.ActiveCfg = Debug|Any CPU
		{B7B0BC5B-910A-40F2-9763-76B24E26DB6C}.Debug|Any CPU.Build.0 = Debug|Any CPU
		{B7B0BC5B-910A-40F2-9763-76B24E26DB6C}.Release|Any CPU.ActiveCfg = Release|Any CPU
		{B7B0BC5B-910A-40F2-9763-76B24E26DB6C}.Release|Any CPU.Build.0 = Release|Any CPU
		{30E3E26C-444C-4C7F-916D-EE1CBDC73522}.Debug|Any CPU.ActiveCfg = Debug|Any CPU
		{30E3E26C-444C-4C7F-916D-EE1CBDC73522}.Debug|Any CPU.Build.0 = Debug|Any CPU
		{30E3E26C-444C-4C7F-916D-EE1CBDC73522}.Release|Any CPU.ActiveCfg = Release|Any CPU
		{30E3E26C-444C-4C7F-916D-EE1CBDC73522}.Release|Any CPU.Build.0 = Release|Any CPU
		{60688B2D-2FF1-402A-AA10-5A1E6E397DF4}.Debug|Any CPU.ActiveCfg = Debug|Any CPU
		{60688B2D-2FF1-402A-AA10-5A1E6E397DF4}.Debug|Any CPU.Build.0 = Debug|Any CPU
		{60688B2D-2FF1-402A-AA10-5A1E6E397DF4}.Release|Any CPU.ActiveCfg = Release|Any CPU
		{60688B2D-2FF1-402A-AA10-5A1E6E397DF4}.Release|Any CPU.Build.0 = Release|Any CPU
		{7E395B5B-E801-4251-9FA0-9BE462BE5A85}.Debug|Any CPU.ActiveCfg = Debug|Any CPU
		{7E395B5B-E801-4251-9FA0-9BE462BE5A85}.Debug|Any CPU.Build.0 = Debug|Any CPU
		{7E395B5B-E801-4251-9FA0-9BE462BE5A85}.Release|Any CPU.ActiveCfg = Release|Any CPU
		{7E395B5B-E801-4251-9FA0-9BE462BE5A85}.Release|Any CPU.Build.0 = Release|Any CPU
		{2980B4BB-4E77-43B3-85E9-5F63CEAB613D}.Debug|Any CPU.ActiveCfg = Debug|Any CPU
		{2980B4BB-4E77-43B3-85E9-5F63CEAB613D}.Debug|Any CPU.Build.0 = Debug|Any CPU
		{2980B4BB-4E77-43B3-85E9-5F63CEAB613D}.Release|Any CPU.ActiveCfg = Release|Any CPU
		{2980B4BB-4E77-43B3-85E9-5F63CEAB613D}.Release|Any CPU.Build.0 = Release|Any CPU
		{BA80A133-29C2-47E9-881E-C3F3AAE76E47}.Debug|Any CPU.ActiveCfg = Debug|Any CPU
		{BA80A133-29C2-47E9-881E-C3F3AAE76E47}.Debug|Any CPU.Build.0 = Debug|Any CPU
		{BA80A133-29C2-47E9-881E-C3F3AAE76E47}.Release|Any CPU.ActiveCfg = Release|Any CPU
		{BA80A133-29C2-47E9-881E-C3F3AAE76E47}.Release|Any CPU.Build.0 = Release|Any CPU
		{70A7B433-E0EB-456A-9D9A-3400F47DBF90}.Debug|Any CPU.ActiveCfg = Debug|Any CPU
		{70A7B433-E0EB-456A-9D9A-3400F47DBF90}.Debug|Any CPU.Build.0 = Debug|Any CPU
		{70A7B433-E0EB-456A-9D9A-3400F47DBF90}.Release|Any CPU.ActiveCfg = Release|Any CPU
		{70A7B433-E0EB-456A-9D9A-3400F47DBF90}.Release|Any CPU.Build.0 = Release|Any CPU
		{98A0363E-A1FC-4039-BC8E-5C7170B2A338}.Debug|Any CPU.ActiveCfg = Debug|Any CPU
		{98A0363E-A1FC-4039-BC8E-5C7170B2A338}.Debug|Any CPU.Build.0 = Debug|Any CPU
		{98A0363E-A1FC-4039-BC8E-5C7170B2A338}.Release|Any CPU.ActiveCfg = Release|Any CPU
		{98A0363E-A1FC-4039-BC8E-5C7170B2A338}.Release|Any CPU.Build.0 = Release|Any CPU
		{CC89854F-CA3A-4B04-A7A5-AFC1D9B2776E}.Debug|Any CPU.ActiveCfg = Debug|Any CPU
		{CC89854F-CA3A-4B04-A7A5-AFC1D9B2776E}.Debug|Any CPU.Build.0 = Debug|Any CPU
		{CC89854F-CA3A-4B04-A7A5-AFC1D9B2776E}.Release|Any CPU.ActiveCfg = Release|Any CPU
		{CC89854F-CA3A-4B04-A7A5-AFC1D9B2776E}.Release|Any CPU.Build.0 = Release|Any CPU
	EndGlobalSection
	GlobalSection(SolutionProperties) = preSolution
		HideSolutionNode = FALSE
	EndGlobalSection
	GlobalSection(NestedProjects) = preSolution
		{FCE4255E-873F-4986-91E6-648D3B4B1620} = {9AC8D0EB-7751-474A-86B7-03F88AFE7FCE}
		{635E2AAC-FC4A-4076-8AC6-39085D2CF9BE} = {9AC8D0EB-7751-474A-86B7-03F88AFE7FCE}
		{76E78480-76C2-446D-9059-F977EDFBA85D} = {9AC8D0EB-7751-474A-86B7-03F88AFE7FCE}
		{A03A9709-FD2D-47DD-AA82-6583DD7E24EB} = {9AC8D0EB-7751-474A-86B7-03F88AFE7FCE}
		{9B05B0D9-4149-4515-9AAF-B5204756A7F6} = {9AC8D0EB-7751-474A-86B7-03F88AFE7FCE}
		{B7B0BC5B-910A-40F2-9763-76B24E26DB6C} = {9AC8D0EB-7751-474A-86B7-03F88AFE7FCE}
		{30E3E26C-444C-4C7F-916D-EE1CBDC73522} = {9AC8D0EB-7751-474A-86B7-03F88AFE7FCE}
		{60688B2D-2FF1-402A-AA10-5A1E6E397DF4} = {9AC8D0EB-7751-474A-86B7-03F88AFE7FCE}
		{7E395B5B-E801-4251-9FA0-9BE462BE5A85} = {9AC8D0EB-7751-474A-86B7-03F88AFE7FCE}
		{2980B4BB-4E77-43B3-85E9-5F63CEAB613D} = {9AC8D0EB-7751-474A-86B7-03F88AFE7FCE}
		{BA80A133-29C2-47E9-881E-C3F3AAE76E47} = {9AC8D0EB-7751-474A-86B7-03F88AFE7FCE}
		{70A7B433-E0EB-456A-9D9A-3400F47DBF90} = {79F67BBE-F267-4CA4-A033-D00CA02675F9}
		{98A0363E-A1FC-4039-BC8E-5C7170B2A338} = {C21A42C9-E52A-441E-8F14-FD6B58E51D3F}
		{CC89854F-CA3A-4B04-A7A5-AFC1D9B2776E} = {C21A42C9-E52A-441E-8F14-FD6B58E51D3F}
	EndGlobalSection
	GlobalSection(ExtensibilityGlobals) = postSolution
		SolutionGuid = {6DF89F58-E085-4B88-9176-C3CBCEAB2FB2}
	EndGlobalSection
EndGlobal
