
Microsoft Visual Studio Solution File, Format Version 12.00
# Visual Studio Version 17
VisualStudioVersion = 17.3.32804.467
MinimumVisualStudioVersion = 10.0.40219.1
Project("{9A19103F-16F7-4668-BE54-9A1E7A4F7556}") = "HelloWorld", "HelloWord\HelloWorld.csproj", "{0876E9EA-18A6-497B-93DE-21AD4E971BAE}"
EndProject
Project("{FAE04EC0-301F-11D3-BF4B-00C04F79EFBC}") = "ProjetoDotNetFrameword", "ProjetoDotNetFrameword\ProjetoDotNetFrameword.csproj", "{3047F460-D1AC-4CD8-8DFD-26EDF6C8A9DA}"
EndProject
Project("{9A19103F-16F7-4668-BE54-9A1E7A4F7556}") = "StringMethods", "StringMethods\StringMethods.csproj", "{19F8A0C5-05F7-47BC-B6DE-FFF1090C588F}"
EndProject
Project("{FAE04EC0-301F-11D3-BF4B-00C04F79EFBC}") = "Constants", "Constants\Constants.csproj", "{380D5837-F440-4522-9984-E0A2B1E542D9}"
EndProject
Global
	GlobalSection(SolutionConfigurationPlatforms) = preSolution
		Debug|Any CPU = Debug|Any CPU
		Release|Any CPU = Release|Any CPU
	EndGlobalSection
	GlobalSection(ProjectConfigurationPlatforms) = postSolution
		{0876E9EA-18A6-497B-93DE-21AD4E971BAE}.Debug|Any CPU.ActiveCfg = Debug|Any CPU
		{0876E9EA-18A6-497B-93DE-21AD4E971BAE}.Debug|Any CPU.Build.0 = Debug|Any CPU
		{0876E9EA-18A6-497B-93DE-21AD4E971BAE}.Release|Any CPU.ActiveCfg = Release|Any CPU
		{0876E9EA-18A6-497B-93DE-21AD4E971BAE}.Release|Any CPU.Build.0 = Release|Any CPU
		{3047F460-D1AC-4CD8-8DFD-26EDF6C8A9DA}.Debug|Any CPU.ActiveCfg = Debug|Any CPU
		{3047F460-D1AC-4CD8-8DFD-26EDF6C8A9DA}.Debug|Any CPU.Build.0 = Debug|Any CPU
		{3047F460-D1AC-4CD8-8DFD-26EDF6C8A9DA}.Release|Any CPU.ActiveCfg = Release|Any CPU
		{3047F460-D1AC-4CD8-8DFD-26EDF6C8A9DA}.Release|Any CPU.Build.0 = Release|Any CPU
		{19F8A0C5-05F7-47BC-B6DE-FFF1090C588F}.Debug|Any CPU.ActiveCfg = Debug|Any CPU
		{19F8A0C5-05F7-47BC-B6DE-FFF1090C588F}.Debug|Any CPU.Build.0 = Debug|Any CPU
		{19F8A0C5-05F7-47BC-B6DE-FFF1090C588F}.Release|Any CPU.ActiveCfg = Release|Any CPU
		{19F8A0C5-05F7-47BC-B6DE-FFF1090C588F}.Release|Any CPU.Build.0 = Release|Any CPU
		{380D5837-F440-4522-9984-E0A2B1E542D9}.Debug|Any CPU.ActiveCfg = Debug|Any CPU
		{380D5837-F440-4522-9984-E0A2B1E542D9}.Debug|Any CPU.Build.0 = Debug|Any CPU
		{380D5837-F440-4522-9984-E0A2B1E542D9}.Release|Any CPU.ActiveCfg = Release|Any CPU
		{380D5837-F440-4522-9984-E0A2B1E542D9}.Release|Any CPU.Build.0 = Release|Any CPU
	EndGlobalSection
	GlobalSection(SolutionProperties) = preSolution
		HideSolutionNode = FALSE
	EndGlobalSection
	GlobalSection(ExtensibilityGlobals) = postSolution
		SolutionGuid = {6DF89F58-E085-4B88-9176-C3CBCEAB2FB2}
	EndGlobalSection
EndGlobal
