
Microsoft Visual Studio Solution File, Format Version 12.00
# Visual Studio Version 17
VisualStudioVersion = 17.3.32804.467
MinimumVisualStudioVersion = 10.0.40219.1
Project("{9A19103F-16F7-4668-BE54-9A1E7A4F7556}") = "Ex01_StringsManipulation", "StringsManipulation\Ex01_StringsManipulation.csproj", "{62A87694-F1E1-4906-8CDF-F8BE978FF65E}"
EndProject
Project("{FAE04EC0-301F-11D3-BF4B-00C04F79EFBC}") = "Ex02_StringMethods", "StringMethods\Ex02_StringMethods.csproj", "{0D99757E-EC22-4AD9-AB21-6C0DD7A2DC3B}"
EndProject
Project("{FAE04EC0-301F-11D3-BF4B-00C04F79EFBC}") = "Ex03_StringMethods", "Ex03_StringMethods\Ex03_StringMethods.csproj", "{386DB71E-76C3-4CAD-99B9-32B034F2CAB6}"
EndProject
Project("{FAE04EC0-301F-11D3-BF4B-00C04F79EFBC}") = "Ex04_DataType", "Ex04_DataType\Ex04_DataType.csproj", "{B3D0CBC7-75EF-41A6-87E9-CD4FFC653E5A}"
EndProject
Project("{FAE04EC0-301F-11D3-BF4B-00C04F79EFBC}") = "Ex05_Methods", "Ex05_Methods\Ex05_Methods.csproj", "{0A76D76A-521A-41D0-ABC6-9584FC9F4811}"
EndProject
Project("{FAE04EC0-301F-11D3-BF4B-00C04F79EFBC}") = "Ex06_MethodLowerUpper", "MethodLowerUpper\Ex06_MethodLowerUpper.csproj", "{2B71A501-14F6-4771-8E45-BDFDEF6FBD97}"
EndProject
Project("{FAE04EC0-301F-11D3-BF4B-00C04F79EFBC}") = "Ex07_ifElseCondition", "Ex07_ifElseCondition\Ex07_ifElseCondition.csproj", "{827B8360-196B-4632-B112-6091AEB03A0E}"
EndProject
Project("{FAE04EC0-301F-11D3-BF4B-00C04F79EFBC}") = "Ex08_CompareStrings", "CompareStrings\Ex08_CompareStrings.csproj", "{93F9C648-8583-415B-B015-5ADCC30381B1}"
EndProject
Project("{FAE04EC0-301F-11D3-BF4B-00C04F79EFBC}") = "Ex09_NestedIfStatement", "Ex09_NestedIfStatement\Ex09_NestedIfStatement.csproj", "{F054D8B0-9C68-41A6-BB73-38913F785202}"
EndProject
Project("{FAE04EC0-301F-11D3-BF4B-00C04F79EFBC}") = "Ex11_UserLogin", "UserLogin\Ex11_UserLogin.csproj", "{23A7EA19-B032-4CC6-B7A3-8A85E2515623}"
EndProject
Project("{FAE04EC0-301F-11D3-BF4B-00C04F79EFBC}") = "Ex10_Score_HighScore", "Score_HighScore\Ex10_Score_HighScore.csproj", "{DBD50E18-7113-455B-B826-DF972675BDE7}"
EndProject
Project("{FAE04EC0-301F-11D3-BF4B-00C04F79EFBC}") = "Ex12_TernaryOperator", "Ex12_TernaryOperator\Ex12_TernaryOperator.csproj", "{83BD2D9C-9D52-40D0-AEB3-69961DCB3CBE}"
EndProject
Project("{FAE04EC0-301F-11D3-BF4B-00C04F79EFBC}") = "Ex13_WhilePeopleCounter", "Ex13_WhilePeopleCounter\Ex13_WhilePeopleCounter.csproj", "{CEBB382B-D079-4C12-BFCA-13856AE49AE1}"
EndProject
Project("{FAE04EC0-301F-11D3-BF4B-00C04F79EFBC}") = "Ex14_ForWhile_ToCount", "Ex14_ForWhile_ToCount\Ex14_ForWhile_ToCount.csproj", "{DF42C886-2539-46D9-BBA0-2C1B8D965E07}"
EndProject
Project("{FAE04EC0-301F-11D3-BF4B-00C04F79EFBC}") = "Ex15_BreakContinue", "Ex15_BreakContinue\Ex15_BreakContinue.csproj", "{FC22CCB1-E867-4ABB-874B-E07430B7B43B}"
EndProject
Global
	GlobalSection(SolutionConfigurationPlatforms) = preSolution
		Debug|Any CPU = Debug|Any CPU
		Release|Any CPU = Release|Any CPU
	EndGlobalSection
	GlobalSection(ProjectConfigurationPlatforms) = postSolution
		{62A87694-F1E1-4906-8CDF-F8BE978FF65E}.Debug|Any CPU.ActiveCfg = Debug|Any CPU
		{62A87694-F1E1-4906-8CDF-F8BE978FF65E}.Debug|Any CPU.Build.0 = Debug|Any CPU
		{62A87694-F1E1-4906-8CDF-F8BE978FF65E}.Release|Any CPU.ActiveCfg = Release|Any CPU
		{62A87694-F1E1-4906-8CDF-F8BE978FF65E}.Release|Any CPU.Build.0 = Release|Any CPU
		{0D99757E-EC22-4AD9-AB21-6C0DD7A2DC3B}.Debug|Any CPU.ActiveCfg = Debug|Any CPU
		{0D99757E-EC22-4AD9-AB21-6C0DD7A2DC3B}.Debug|Any CPU.Build.0 = Debug|Any CPU
		{0D99757E-EC22-4AD9-AB21-6C0DD7A2DC3B}.Release|Any CPU.ActiveCfg = Release|Any CPU
		{0D99757E-EC22-4AD9-AB21-6C0DD7A2DC3B}.Release|Any CPU.Build.0 = Release|Any CPU
		{386DB71E-76C3-4CAD-99B9-32B034F2CAB6}.Debug|Any CPU.ActiveCfg = Debug|Any CPU
		{386DB71E-76C3-4CAD-99B9-32B034F2CAB6}.Debug|Any CPU.Build.0 = Debug|Any CPU
		{386DB71E-76C3-4CAD-99B9-32B034F2CAB6}.Release|Any CPU.ActiveCfg = Release|Any CPU
		{386DB71E-76C3-4CAD-99B9-32B034F2CAB6}.Release|Any CPU.Build.0 = Release|Any CPU
		{B3D0CBC7-75EF-41A6-87E9-CD4FFC653E5A}.Debug|Any CPU.ActiveCfg = Debug|Any CPU
		{B3D0CBC7-75EF-41A6-87E9-CD4FFC653E5A}.Debug|Any CPU.Build.0 = Debug|Any CPU
		{B3D0CBC7-75EF-41A6-87E9-CD4FFC653E5A}.Release|Any CPU.ActiveCfg = Release|Any CPU
		{B3D0CBC7-75EF-41A6-87E9-CD4FFC653E5A}.Release|Any CPU.Build.0 = Release|Any CPU
		{0A76D76A-521A-41D0-ABC6-9584FC9F4811}.Debug|Any CPU.ActiveCfg = Debug|Any CPU
		{0A76D76A-521A-41D0-ABC6-9584FC9F4811}.Debug|Any CPU.Build.0 = Debug|Any CPU
		{0A76D76A-521A-41D0-ABC6-9584FC9F4811}.Release|Any CPU.ActiveCfg = Release|Any CPU
		{0A76D76A-521A-41D0-ABC6-9584FC9F4811}.Release|Any CPU.Build.0 = Release|Any CPU
		{2B71A501-14F6-4771-8E45-BDFDEF6FBD97}.Debug|Any CPU.ActiveCfg = Debug|Any CPU
		{2B71A501-14F6-4771-8E45-BDFDEF6FBD97}.Debug|Any CPU.Build.0 = Debug|Any CPU
		{2B71A501-14F6-4771-8E45-BDFDEF6FBD97}.Release|Any CPU.ActiveCfg = Release|Any CPU
		{2B71A501-14F6-4771-8E45-BDFDEF6FBD97}.Release|Any CPU.Build.0 = Release|Any CPU
		{827B8360-196B-4632-B112-6091AEB03A0E}.Debug|Any CPU.ActiveCfg = Debug|Any CPU
		{827B8360-196B-4632-B112-6091AEB03A0E}.Debug|Any CPU.Build.0 = Debug|Any CPU
		{827B8360-196B-4632-B112-6091AEB03A0E}.Release|Any CPU.ActiveCfg = Release|Any CPU
		{827B8360-196B-4632-B112-6091AEB03A0E}.Release|Any CPU.Build.0 = Release|Any CPU
		{93F9C648-8583-415B-B015-5ADCC30381B1}.Debug|Any CPU.ActiveCfg = Debug|Any CPU
		{93F9C648-8583-415B-B015-5ADCC30381B1}.Debug|Any CPU.Build.0 = Debug|Any CPU
		{93F9C648-8583-415B-B015-5ADCC30381B1}.Release|Any CPU.ActiveCfg = Release|Any CPU
		{93F9C648-8583-415B-B015-5ADCC30381B1}.Release|Any CPU.Build.0 = Release|Any CPU
		{F054D8B0-9C68-41A6-BB73-38913F785202}.Debug|Any CPU.ActiveCfg = Debug|Any CPU
		{F054D8B0-9C68-41A6-BB73-38913F785202}.Debug|Any CPU.Build.0 = Debug|Any CPU
		{F054D8B0-9C68-41A6-BB73-38913F785202}.Release|Any CPU.ActiveCfg = Release|Any CPU
		{F054D8B0-9C68-41A6-BB73-38913F785202}.Release|Any CPU.Build.0 = Release|Any CPU
		{23A7EA19-B032-4CC6-B7A3-8A85E2515623}.Debug|Any CPU.ActiveCfg = Debug|Any CPU
		{23A7EA19-B032-4CC6-B7A3-8A85E2515623}.Debug|Any CPU.Build.0 = Debug|Any CPU
		{23A7EA19-B032-4CC6-B7A3-8A85E2515623}.Release|Any CPU.ActiveCfg = Release|Any CPU
		{23A7EA19-B032-4CC6-B7A3-8A85E2515623}.Release|Any CPU.Build.0 = Release|Any CPU
		{DBD50E18-7113-455B-B826-DF972675BDE7}.Debug|Any CPU.ActiveCfg = Debug|Any CPU
		{DBD50E18-7113-455B-B826-DF972675BDE7}.Debug|Any CPU.Build.0 = Debug|Any CPU
		{DBD50E18-7113-455B-B826-DF972675BDE7}.Release|Any CPU.ActiveCfg = Release|Any CPU
		{DBD50E18-7113-455B-B826-DF972675BDE7}.Release|Any CPU.Build.0 = Release|Any CPU
		{83BD2D9C-9D52-40D0-AEB3-69961DCB3CBE}.Debug|Any CPU.ActiveCfg = Debug|Any CPU
		{83BD2D9C-9D52-40D0-AEB3-69961DCB3CBE}.Debug|Any CPU.Build.0 = Debug|Any CPU
		{83BD2D9C-9D52-40D0-AEB3-69961DCB3CBE}.Release|Any CPU.ActiveCfg = Release|Any CPU
		{83BD2D9C-9D52-40D0-AEB3-69961DCB3CBE}.Release|Any CPU.Build.0 = Release|Any CPU
		{CEBB382B-D079-4C12-BFCA-13856AE49AE1}.Debug|Any CPU.ActiveCfg = Debug|Any CPU
		{CEBB382B-D079-4C12-BFCA-13856AE49AE1}.Debug|Any CPU.Build.0 = Debug|Any CPU
		{CEBB382B-D079-4C12-BFCA-13856AE49AE1}.Release|Any CPU.ActiveCfg = Release|Any CPU
		{CEBB382B-D079-4C12-BFCA-13856AE49AE1}.Release|Any CPU.Build.0 = Release|Any CPU
		{DF42C886-2539-46D9-BBA0-2C1B8D965E07}.Debug|Any CPU.ActiveCfg = Debug|Any CPU
		{DF42C886-2539-46D9-BBA0-2C1B8D965E07}.Debug|Any CPU.Build.0 = Debug|Any CPU
		{DF42C886-2539-46D9-BBA0-2C1B8D965E07}.Release|Any CPU.ActiveCfg = Release|Any CPU
		{DF42C886-2539-46D9-BBA0-2C1B8D965E07}.Release|Any CPU.Build.0 = Release|Any CPU
		{FC22CCB1-E867-4ABB-874B-E07430B7B43B}.Debug|Any CPU.ActiveCfg = Debug|Any CPU
		{FC22CCB1-E867-4ABB-874B-E07430B7B43B}.Debug|Any CPU.Build.0 = Debug|Any CPU
		{FC22CCB1-E867-4ABB-874B-E07430B7B43B}.Release|Any CPU.ActiveCfg = Release|Any CPU
		{FC22CCB1-E867-4ABB-874B-E07430B7B43B}.Release|Any CPU.Build.0 = Release|Any CPU
	EndGlobalSection
	GlobalSection(SolutionProperties) = preSolution
		HideSolutionNode = FALSE
	EndGlobalSection
	GlobalSection(ExtensibilityGlobals) = postSolution
		SolutionGuid = {13638E6F-A172-40AB-A474-FD4197861A57}
	EndGlobalSection
EndGlobal
