
Microsoft Visual Studio Solution File, Format Version 12.00
# Visual Studio Version 17
VisualStudioVersion = 17.3.32804.467
MinimumVisualStudioVersion = 10.0.40219.1
Project("{9A19103F-16F7-4668-BE54-9A1E7A4F7556}") = "Ex01_StringsManipulation", "StringsManipulation\Ex01_StringsManipulation.csproj", "{62A87694-F1E1-4906-8CDF-F8BE978FF65E}"
EndProject
Project("{9A19103F-16F7-4668-BE54-9A1E7A4F7556}") = "Ex02_StringMethods", "StringMethods\Ex02_StringMethods.csproj", "{0D99757E-EC22-4AD9-AB21-6C0DD7A2DC3B}"
EndProject
Project("{9A19103F-16F7-4668-BE54-9A1E7A4F7556}") = "Ex03_StringMethods", "Ex03_StringMethods\Ex03_StringMethods.csproj", "{386DB71E-76C3-4CAD-99B9-32B034F2CAB6}"
EndProject
Project("{9A19103F-16F7-4668-BE54-9A1E7A4F7556}") = "Ex04_DataType", "Ex04_DataType\Ex04_DataType.csproj", "{B3D0CBC7-75EF-41A6-87E9-CD4FFC653E5A}"
EndProject
Project("{9A19103F-16F7-4668-BE54-9A1E7A4F7556}") = "Ex05_Methods", "Ex05_Methods\Ex05_Methods.csproj", "{0A76D76A-521A-41D0-ABC6-9584FC9F4811}"
EndProject
Project("{9A19103F-16F7-4668-BE54-9A1E7A4F7556}") = "Ex06_MethodLowerUpper", "MethodLowerUpper\Ex06_MethodLowerUpper.csproj", "{2B71A501-14F6-4771-8E45-BDFDEF6FBD97}"
EndProject
Project("{9A19103F-16F7-4668-BE54-9A1E7A4F7556}") = "Ex07_ifElseCondition", "Ex07_ifElseCondition\Ex07_ifElseCondition.csproj", "{827B8360-196B-4632-B112-6091AEB03A0E}"
EndProject
Project("{9A19103F-16F7-4668-BE54-9A1E7A4F7556}") = "Ex08_CompareStrings", "CompareStrings\Ex08_CompareStrings.csproj", "{93F9C648-8583-415B-B015-5ADCC30381B1}"
EndProject
Project("{9A19103F-16F7-4668-BE54-9A1E7A4F7556}") = "Ex09_NestedIfStatement", "Ex09_NestedIfStatement\Ex09_NestedIfStatement.csproj", "{F054D8B0-9C68-41A6-BB73-38913F785202}"
EndProject
Project("{9A19103F-16F7-4668-BE54-9A1E7A4F7556}") = "Ex11_UserLogin", "UserLogin\Ex11_UserLogin.csproj", "{23A7EA19-B032-4CC6-B7A3-8A85E2515623}"
EndProject
Project("{9A19103F-16F7-4668-BE54-9A1E7A4F7556}") = "Ex10_Score_HighScore", "Score_HighScore\Ex10_Score_HighScore.csproj", "{DBD50E18-7113-455B-B826-DF972675BDE7}"
EndProject
Project("{9A19103F-16F7-4668-BE54-9A1E7A4F7556}") = "Ex12_TernaryOperator", "Ex12_TernaryOperator\Ex12_TernaryOperator.csproj", "{83BD2D9C-9D52-40D0-AEB3-69961DCB3CBE}"
EndProject
Project("{9A19103F-16F7-4668-BE54-9A1E7A4F7556}") = "Ex13_WhilePeopleCounter", "Ex13_WhilePeopleCounter\Ex13_WhilePeopleCounter.csproj", "{CEBB382B-D079-4C12-BFCA-13856AE49AE1}"
EndProject
Project("{9A19103F-16F7-4668-BE54-9A1E7A4F7556}") = "Ex14_ForWhile_ToCount", "Ex14_ForWhile_ToCount\Ex14_ForWhile_ToCount.csproj", "{DF42C886-2539-46D9-BBA0-2C1B8D965E07}"
EndProject
Project("{9A19103F-16F7-4668-BE54-9A1E7A4F7556}") = "Ex15_BreakContinue", "Ex15_BreakContinue\Ex15_BreakContinue.csproj", "{FC22CCB1-E867-4ABB-874B-E07430B7B43B}"
EndProject
Project("{9A19103F-16F7-4668-BE54-9A1E7A4F7556}") = "Ex16_NotasAlunos", "Ex16_NotasAlunos\Ex16_NotasAlunos.csproj", "{68CEC539-218D-4DB3-B23F-45C2E3F61963}"
EndProject
Project("{9A19103F-16F7-4668-BE54-9A1E7A4F7556}") = "EX17_ClassesPhone", "EX17_ClassesPhone\EX17_ClassesPhone.csproj", "{7926046D-3DB0-4750-9D54-DBE94F888FB3}"
EndProject
Project("{9A19103F-16F7-4668-BE54-9A1E7A4F7556}") = "Ex18_Arrays", "Ex18_Arrays\Ex18_Arrays.csproj", "{3C9FEF23-9A34-4405-A305-209364EC7778}"
EndProject
Project("{9A19103F-16F7-4668-BE54-9A1E7A4F7556}") = "Ex19_ArrayDataType", "Ex19_ArrayDataType\Ex19_ArrayDataType.csproj", "{A0E601E0-2D10-4E0A-829D-A71275478BC4}"
EndProject
Project("{9A19103F-16F7-4668-BE54-9A1E7A4F7556}") = "Ex20_NestedLoop_EvenNumb", "Ex20_NestedLoop_OddNumb\Ex20_NestedLoop_EvenNumb.csproj", "{3C4B3B61-F3C7-4552-A95C-9EEE5E657E0C}"
EndProject
Project("{9A19103F-16F7-4668-BE54-9A1E7A4F7556}") = "Ex21_TicTacToe_Status", "Ex21_TicTacToe\Ex21_TicTacToe_Status.csproj", "{AC5DF99E-D4E6-429E-90AF-5F0F6A77D62A}"
EndProject
Project("{9A19103F-16F7-4668-BE54-9A1E7A4F7556}") = "Ex22_TicTacToe_Completo", "Ex22_TicTacToe_Completo\Ex22_TicTacToe_Completo.csproj", "{5C324AA6-3008-4EBC-8DD5-2CA33EAEDB77}"
EndProject
Project("{9A19103F-16F7-4668-BE54-9A1E7A4F7556}") = "Ex23_JaggedArray", "Ex23_JaggedArray\Ex23_JaggedArray.csproj", "{3AB39F76-22A2-4782-B74C-B343CE2EF452}"
EndProject
Project("{9A19103F-16F7-4668-BE54-9A1E7A4F7556}") = "Ex24_ParamArray", "Ex24_ParamArray\Ex24_ParamArray.csproj", "{FCF7A7CD-1388-47D2-B9D3-3938D1A84594}"
EndProject
Project("{9A19103F-16F7-4668-BE54-9A1E7A4F7556}") = "Ex25_ListCollection", "Ex25_ListCollection\Ex25_ListCollection.csproj", "{C3426763-F9FD-4EDD-9B33-3DC3F8FBEB50}"
EndProject
Project("{9A19103F-16F7-4668-BE54-9A1E7A4F7556}") = "Ex26_Hashtables", "Ex26_Hashtables\Ex26_Hashtables.csproj", "{B6A6D747-7734-431A-B3B4-D25E40309684}"
EndProject
Project("{9A19103F-16F7-4668-BE54-9A1E7A4F7556}") = "Ex27_Dictionary", "Ex27_Dictionary\Ex27_Dictionary.csproj", "{6A94B1E3-4C2A-4FD1-AE20-80956F539DF6}"
EndProject
Project("{9A19103F-16F7-4668-BE54-9A1E7A4F7556}") = "Ex28_InheritanceVideoPost", "Ex28_InheritanceVideoPost\Ex28_InheritanceVideoPost.csproj", "{53C22A11-5D2D-46D5-8E45-6723D73E6E6B}"
EndProject
Project("{9A19103F-16F7-4668-BE54-9A1E7A4F7556}") = "Ex29_InheritanceBoss", "Ex29_InheritanceBoss\Ex29_InheritanceBoss.csproj", "{245382A4-5D87-4022-961D-C9D0DC231DC0}"
EndProject
Project("{9A19103F-16F7-4668-BE54-9A1E7A4F7556}") = "Ex30_Interfaces", "Ex30_Interfaces\Ex30_Interfaces.csproj", "{50F84622-5216-4F29-9B8F-8132FB36FDC3}"
EndProject
Project("{9A19103F-16F7-4668-BE54-9A1E7A4F7556}") = "Ex99_ExtraInterface", "Ex99_ExtraInterface\Ex99_ExtraInterface.csproj", "{37E51E29-8FD7-48A8-B727-236F09384A88}"
EndProject
Project("{9A19103F-16F7-4668-BE54-9A1E7A4F7556}") = "Ex31_IEnumerable", "Ex31_IEnumerable\Ex31_IEnumerable.csproj", "{7639C56B-19FC-46ED-9DEA-BCDEE2CC5D5C}"
EndProject
Project("{FAE04EC0-301F-11D3-BF4B-00C04F79EFBC}") = "Ex32_ReadWriteFile", "Ex32_ReadWriteFile\Ex32_ReadWriteFile.csproj", "{FF3BE6DE-A3BE-495E-B605-77C7298ECAE9}"
EndProject
Project("{FAE04EC0-301F-11D3-BF4B-00C04F79EFBC}") = "Ex33_MathClass", "Ex33_MathClass\Ex33_MathClass.csproj", "{80F00C50-326F-4EC6-AD0F-40268B8575D1}"
EndProject
Project("{FAE04EC0-301F-11D3-BF4B-00C04F79EFBC}") = "Ex34_RegularExpression", "Ex34_RegularExpression\Ex34_RegularExpression.csproj", "{94352D3F-6597-4C67-9238-9BF5902FFD10}"
EndProject
Project("{FAE04EC0-301F-11D3-BF4B-00C04F79EFBC}") = "Ex35_Delegates", "Ex35_Delegates\Ex35_Delegates.csproj", "{6F763BA1-441C-4FFC-B467-0C5B5ABAE8E5}"
EndProject
Project("{FAE04EC0-301F-11D3-BF4B-00C04F79EFBC}") = "LambdaExpression", "LambdaExpression\LambdaExpression.csproj", "{65BDCA13-39AD-4281-B94F-3963F03664A2}"
EndProject
Global
	GlobalSection(SolutionConfigurationPlatforms) = preSolution
		Debug|Any CPU = Debug|Any CPU
		Release|Any CPU = Release|Any CPU
	EndGlobalSection
	GlobalSection(ProjectConfigurationPlatforms) = postSolution
		{62A87694-F1E1-4906-8CDF-F8BE978FF65E}.Debug|Any CPU.ActiveCfg = Debug|Any CPU
		{62A87694-F1E1-4906-8CDF-F8BE978FF65E}.Debug|Any CPU.Build.0 = Debug|Any CPU
		{62A87694-F1E1-4906-8CDF-F8BE978FF65E}.Release|Any CPU.ActiveCfg = Release|Any CPU
		{62A87694-F1E1-4906-8CDF-F8BE978FF65E}.Release|Any CPU.Build.0 = Release|Any CPU
		{0D99757E-EC22-4AD9-AB21-6C0DD7A2DC3B}.Debug|Any CPU.ActiveCfg = Debug|Any CPU
		{0D99757E-EC22-4AD9-AB21-6C0DD7A2DC3B}.Debug|Any CPU.Build.0 = Debug|Any CPU
		{0D99757E-EC22-4AD9-AB21-6C0DD7A2DC3B}.Release|Any CPU.ActiveCfg = Release|Any CPU
		{0D99757E-EC22-4AD9-AB21-6C0DD7A2DC3B}.Release|Any CPU.Build.0 = Release|Any CPU
		{386DB71E-76C3-4CAD-99B9-32B034F2CAB6}.Debug|Any CPU.ActiveCfg = Debug|Any CPU
		{386DB71E-76C3-4CAD-99B9-32B034F2CAB6}.Debug|Any CPU.Build.0 = Debug|Any CPU
		{386DB71E-76C3-4CAD-99B9-32B034F2CAB6}.Release|Any CPU.ActiveCfg = Release|Any CPU
		{386DB71E-76C3-4CAD-99B9-32B034F2CAB6}.Release|Any CPU.Build.0 = Release|Any CPU
		{B3D0CBC7-75EF-41A6-87E9-CD4FFC653E5A}.Debug|Any CPU.ActiveCfg = Debug|Any CPU
		{B3D0CBC7-75EF-41A6-87E9-CD4FFC653E5A}.Debug|Any CPU.Build.0 = Debug|Any CPU
		{B3D0CBC7-75EF-41A6-87E9-CD4FFC653E5A}.Release|Any CPU.ActiveCfg = Release|Any CPU
		{B3D0CBC7-75EF-41A6-87E9-CD4FFC653E5A}.Release|Any CPU.Build.0 = Release|Any CPU
		{0A76D76A-521A-41D0-ABC6-9584FC9F4811}.Debug|Any CPU.ActiveCfg = Debug|Any CPU
		{0A76D76A-521A-41D0-ABC6-9584FC9F4811}.Debug|Any CPU.Build.0 = Debug|Any CPU
		{0A76D76A-521A-41D0-ABC6-9584FC9F4811}.Release|Any CPU.ActiveCfg = Release|Any CPU
		{0A76D76A-521A-41D0-ABC6-9584FC9F4811}.Release|Any CPU.Build.0 = Release|Any CPU
		{2B71A501-14F6-4771-8E45-BDFDEF6FBD97}.Debug|Any CPU.ActiveCfg = Debug|Any CPU
		{2B71A501-14F6-4771-8E45-BDFDEF6FBD97}.Debug|Any CPU.Build.0 = Debug|Any CPU
		{2B71A501-14F6-4771-8E45-BDFDEF6FBD97}.Release|Any CPU.ActiveCfg = Release|Any CPU
		{2B71A501-14F6-4771-8E45-BDFDEF6FBD97}.Release|Any CPU.Build.0 = Release|Any CPU
		{827B8360-196B-4632-B112-6091AEB03A0E}.Debug|Any CPU.ActiveCfg = Debug|Any CPU
		{827B8360-196B-4632-B112-6091AEB03A0E}.Debug|Any CPU.Build.0 = Debug|Any CPU
		{827B8360-196B-4632-B112-6091AEB03A0E}.Release|Any CPU.ActiveCfg = Release|Any CPU
		{827B8360-196B-4632-B112-6091AEB03A0E}.Release|Any CPU.Build.0 = Release|Any CPU
		{93F9C648-8583-415B-B015-5ADCC30381B1}.Debug|Any CPU.ActiveCfg = Debug|Any CPU
		{93F9C648-8583-415B-B015-5ADCC30381B1}.Debug|Any CPU.Build.0 = Debug|Any CPU
		{93F9C648-8583-415B-B015-5ADCC30381B1}.Release|Any CPU.ActiveCfg = Release|Any CPU
		{93F9C648-8583-415B-B015-5ADCC30381B1}.Release|Any CPU.Build.0 = Release|Any CPU
		{F054D8B0-9C68-41A6-BB73-38913F785202}.Debug|Any CPU.ActiveCfg = Debug|Any CPU
		{F054D8B0-9C68-41A6-BB73-38913F785202}.Debug|Any CPU.Build.0 = Debug|Any CPU
		{F054D8B0-9C68-41A6-BB73-38913F785202}.Release|Any CPU.ActiveCfg = Release|Any CPU
		{F054D8B0-9C68-41A6-BB73-38913F785202}.Release|Any CPU.Build.0 = Release|Any CPU
		{23A7EA19-B032-4CC6-B7A3-8A85E2515623}.Debug|Any CPU.ActiveCfg = Debug|Any CPU
		{23A7EA19-B032-4CC6-B7A3-8A85E2515623}.Debug|Any CPU.Build.0 = Debug|Any CPU
		{23A7EA19-B032-4CC6-B7A3-8A85E2515623}.Release|Any CPU.ActiveCfg = Release|Any CPU
		{23A7EA19-B032-4CC6-B7A3-8A85E2515623}.Release|Any CPU.Build.0 = Release|Any CPU
		{DBD50E18-7113-455B-B826-DF972675BDE7}.Debug|Any CPU.ActiveCfg = Debug|Any CPU
		{DBD50E18-7113-455B-B826-DF972675BDE7}.Debug|Any CPU.Build.0 = Debug|Any CPU
		{DBD50E18-7113-455B-B826-DF972675BDE7}.Release|Any CPU.ActiveCfg = Release|Any CPU
		{DBD50E18-7113-455B-B826-DF972675BDE7}.Release|Any CPU.Build.0 = Release|Any CPU
		{83BD2D9C-9D52-40D0-AEB3-69961DCB3CBE}.Debug|Any CPU.ActiveCfg = Debug|Any CPU
		{83BD2D9C-9D52-40D0-AEB3-69961DCB3CBE}.Debug|Any CPU.Build.0 = Debug|Any CPU
		{83BD2D9C-9D52-40D0-AEB3-69961DCB3CBE}.Release|Any CPU.ActiveCfg = Release|Any CPU
		{83BD2D9C-9D52-40D0-AEB3-69961DCB3CBE}.Release|Any CPU.Build.0 = Release|Any CPU
		{CEBB382B-D079-4C12-BFCA-13856AE49AE1}.Debug|Any CPU.ActiveCfg = Debug|Any CPU
		{CEBB382B-D079-4C12-BFCA-13856AE49AE1}.Debug|Any CPU.Build.0 = Debug|Any CPU
		{CEBB382B-D079-4C12-BFCA-13856AE49AE1}.Release|Any CPU.ActiveCfg = Release|Any CPU
		{CEBB382B-D079-4C12-BFCA-13856AE49AE1}.Release|Any CPU.Build.0 = Release|Any CPU
		{DF42C886-2539-46D9-BBA0-2C1B8D965E07}.Debug|Any CPU.ActiveCfg = Debug|Any CPU
		{DF42C886-2539-46D9-BBA0-2C1B8D965E07}.Debug|Any CPU.Build.0 = Debug|Any CPU
		{DF42C886-2539-46D9-BBA0-2C1B8D965E07}.Release|Any CPU.ActiveCfg = Release|Any CPU
		{DF42C886-2539-46D9-BBA0-2C1B8D965E07}.Release|Any CPU.Build.0 = Release|Any CPU
		{FC22CCB1-E867-4ABB-874B-E07430B7B43B}.Debug|Any CPU.ActiveCfg = Debug|Any CPU
		{FC22CCB1-E867-4ABB-874B-E07430B7B43B}.Debug|Any CPU.Build.0 = Debug|Any CPU
		{FC22CCB1-E867-4ABB-874B-E07430B7B43B}.Release|Any CPU.ActiveCfg = Release|Any CPU
		{FC22CCB1-E867-4ABB-874B-E07430B7B43B}.Release|Any CPU.Build.0 = Release|Any CPU
		{68CEC539-218D-4DB3-B23F-45C2E3F61963}.Debug|Any CPU.ActiveCfg = Debug|Any CPU
		{68CEC539-218D-4DB3-B23F-45C2E3F61963}.Debug|Any CPU.Build.0 = Debug|Any CPU
		{68CEC539-218D-4DB3-B23F-45C2E3F61963}.Release|Any CPU.ActiveCfg = Release|Any CPU
		{68CEC539-218D-4DB3-B23F-45C2E3F61963}.Release|Any CPU.Build.0 = Release|Any CPU
		{7926046D-3DB0-4750-9D54-DBE94F888FB3}.Debug|Any CPU.ActiveCfg = Debug|Any CPU
		{7926046D-3DB0-4750-9D54-DBE94F888FB3}.Debug|Any CPU.Build.0 = Debug|Any CPU
		{7926046D-3DB0-4750-9D54-DBE94F888FB3}.Release|Any CPU.ActiveCfg = Release|Any CPU
		{7926046D-3DB0-4750-9D54-DBE94F888FB3}.Release|Any CPU.Build.0 = Release|Any CPU
		{3C9FEF23-9A34-4405-A305-209364EC7778}.Debug|Any CPU.ActiveCfg = Debug|Any CPU
		{3C9FEF23-9A34-4405-A305-209364EC7778}.Debug|Any CPU.Build.0 = Debug|Any CPU
		{3C9FEF23-9A34-4405-A305-209364EC7778}.Release|Any CPU.ActiveCfg = Release|Any CPU
		{3C9FEF23-9A34-4405-A305-209364EC7778}.Release|Any CPU.Build.0 = Release|Any CPU
		{A0E601E0-2D10-4E0A-829D-A71275478BC4}.Debug|Any CPU.ActiveCfg = Debug|Any CPU
		{A0E601E0-2D10-4E0A-829D-A71275478BC4}.Debug|Any CPU.Build.0 = Debug|Any CPU
		{A0E601E0-2D10-4E0A-829D-A71275478BC4}.Release|Any CPU.ActiveCfg = Release|Any CPU
		{A0E601E0-2D10-4E0A-829D-A71275478BC4}.Release|Any CPU.Build.0 = Release|Any CPU
		{3C4B3B61-F3C7-4552-A95C-9EEE5E657E0C}.Debug|Any CPU.ActiveCfg = Debug|Any CPU
		{3C4B3B61-F3C7-4552-A95C-9EEE5E657E0C}.Debug|Any CPU.Build.0 = Debug|Any CPU
		{3C4B3B61-F3C7-4552-A95C-9EEE5E657E0C}.Release|Any CPU.ActiveCfg = Release|Any CPU
		{3C4B3B61-F3C7-4552-A95C-9EEE5E657E0C}.Release|Any CPU.Build.0 = Release|Any CPU
		{AC5DF99E-D4E6-429E-90AF-5F0F6A77D62A}.Debug|Any CPU.ActiveCfg = Debug|Any CPU
		{AC5DF99E-D4E6-429E-90AF-5F0F6A77D62A}.Debug|Any CPU.Build.0 = Debug|Any CPU
		{AC5DF99E-D4E6-429E-90AF-5F0F6A77D62A}.Release|Any CPU.ActiveCfg = Release|Any CPU
		{AC5DF99E-D4E6-429E-90AF-5F0F6A77D62A}.Release|Any CPU.Build.0 = Release|Any CPU
		{5C324AA6-3008-4EBC-8DD5-2CA33EAEDB77}.Debug|Any CPU.ActiveCfg = Debug|Any CPU
		{5C324AA6-3008-4EBC-8DD5-2CA33EAEDB77}.Debug|Any CPU.Build.0 = Debug|Any CPU
		{5C324AA6-3008-4EBC-8DD5-2CA33EAEDB77}.Release|Any CPU.ActiveCfg = Release|Any CPU
		{5C324AA6-3008-4EBC-8DD5-2CA33EAEDB77}.Release|Any CPU.Build.0 = Release|Any CPU
		{3AB39F76-22A2-4782-B74C-B343CE2EF452}.Debug|Any CPU.ActiveCfg = Debug|Any CPU
		{3AB39F76-22A2-4782-B74C-B343CE2EF452}.Debug|Any CPU.Build.0 = Debug|Any CPU
		{3AB39F76-22A2-4782-B74C-B343CE2EF452}.Release|Any CPU.ActiveCfg = Release|Any CPU
		{3AB39F76-22A2-4782-B74C-B343CE2EF452}.Release|Any CPU.Build.0 = Release|Any CPU
		{FCF7A7CD-1388-47D2-B9D3-3938D1A84594}.Debug|Any CPU.ActiveCfg = Debug|Any CPU
		{FCF7A7CD-1388-47D2-B9D3-3938D1A84594}.Debug|Any CPU.Build.0 = Debug|Any CPU
		{FCF7A7CD-1388-47D2-B9D3-3938D1A84594}.Release|Any CPU.ActiveCfg = Release|Any CPU
		{FCF7A7CD-1388-47D2-B9D3-3938D1A84594}.Release|Any CPU.Build.0 = Release|Any CPU
		{C3426763-F9FD-4EDD-9B33-3DC3F8FBEB50}.Debug|Any CPU.ActiveCfg = Debug|Any CPU
		{C3426763-F9FD-4EDD-9B33-3DC3F8FBEB50}.Debug|Any CPU.Build.0 = Debug|Any CPU
		{C3426763-F9FD-4EDD-9B33-3DC3F8FBEB50}.Release|Any CPU.ActiveCfg = Release|Any CPU
		{C3426763-F9FD-4EDD-9B33-3DC3F8FBEB50}.Release|Any CPU.Build.0 = Release|Any CPU
		{B6A6D747-7734-431A-B3B4-D25E40309684}.Debug|Any CPU.ActiveCfg = Debug|Any CPU
		{B6A6D747-7734-431A-B3B4-D25E40309684}.Debug|Any CPU.Build.0 = Debug|Any CPU
		{B6A6D747-7734-431A-B3B4-D25E40309684}.Release|Any CPU.ActiveCfg = Release|Any CPU
		{B6A6D747-7734-431A-B3B4-D25E40309684}.Release|Any CPU.Build.0 = Release|Any CPU
		{6A94B1E3-4C2A-4FD1-AE20-80956F539DF6}.Debug|Any CPU.ActiveCfg = Debug|Any CPU
		{6A94B1E3-4C2A-4FD1-AE20-80956F539DF6}.Debug|Any CPU.Build.0 = Debug|Any CPU
		{6A94B1E3-4C2A-4FD1-AE20-80956F539DF6}.Release|Any CPU.ActiveCfg = Release|Any CPU
		{6A94B1E3-4C2A-4FD1-AE20-80956F539DF6}.Release|Any CPU.Build.0 = Release|Any CPU
		{53C22A11-5D2D-46D5-8E45-6723D73E6E6B}.Debug|Any CPU.ActiveCfg = Debug|Any CPU
		{53C22A11-5D2D-46D5-8E45-6723D73E6E6B}.Debug|Any CPU.Build.0 = Debug|Any CPU
		{53C22A11-5D2D-46D5-8E45-6723D73E6E6B}.Release|Any CPU.ActiveCfg = Release|Any CPU
		{53C22A11-5D2D-46D5-8E45-6723D73E6E6B}.Release|Any CPU.Build.0 = Release|Any CPU
		{245382A4-5D87-4022-961D-C9D0DC231DC0}.Debug|Any CPU.ActiveCfg = Debug|Any CPU
		{245382A4-5D87-4022-961D-C9D0DC231DC0}.Debug|Any CPU.Build.0 = Debug|Any CPU
		{245382A4-5D87-4022-961D-C9D0DC231DC0}.Release|Any CPU.ActiveCfg = Release|Any CPU
		{245382A4-5D87-4022-961D-C9D0DC231DC0}.Release|Any CPU.Build.0 = Release|Any CPU
		{50F84622-5216-4F29-9B8F-8132FB36FDC3}.Debug|Any CPU.ActiveCfg = Debug|Any CPU
		{50F84622-5216-4F29-9B8F-8132FB36FDC3}.Debug|Any CPU.Build.0 = Debug|Any CPU
		{50F84622-5216-4F29-9B8F-8132FB36FDC3}.Release|Any CPU.ActiveCfg = Release|Any CPU
		{50F84622-5216-4F29-9B8F-8132FB36FDC3}.Release|Any CPU.Build.0 = Release|Any CPU
		{37E51E29-8FD7-48A8-B727-236F09384A88}.Debug|Any CPU.ActiveCfg = Debug|Any CPU
		{37E51E29-8FD7-48A8-B727-236F09384A88}.Debug|Any CPU.Build.0 = Debug|Any CPU
		{37E51E29-8FD7-48A8-B727-236F09384A88}.Release|Any CPU.ActiveCfg = Release|Any CPU
		{37E51E29-8FD7-48A8-B727-236F09384A88}.Release|Any CPU.Build.0 = Release|Any CPU
		{7639C56B-19FC-46ED-9DEA-BCDEE2CC5D5C}.Debug|Any CPU.ActiveCfg = Debug|Any CPU
		{7639C56B-19FC-46ED-9DEA-BCDEE2CC5D5C}.Debug|Any CPU.Build.0 = Debug|Any CPU
		{7639C56B-19FC-46ED-9DEA-BCDEE2CC5D5C}.Release|Any CPU.ActiveCfg = Release|Any CPU
		{7639C56B-19FC-46ED-9DEA-BCDEE2CC5D5C}.Release|Any CPU.Build.0 = Release|Any CPU
		{FF3BE6DE-A3BE-495E-B605-77C7298ECAE9}.Debug|Any CPU.ActiveCfg = Debug|Any CPU
		{FF3BE6DE-A3BE-495E-B605-77C7298ECAE9}.Debug|Any CPU.Build.0 = Debug|Any CPU
		{FF3BE6DE-A3BE-495E-B605-77C7298ECAE9}.Release|Any CPU.ActiveCfg = Release|Any CPU
		{FF3BE6DE-A3BE-495E-B605-77C7298ECAE9}.Release|Any CPU.Build.0 = Release|Any CPU
		{80F00C50-326F-4EC6-AD0F-40268B8575D1}.Debug|Any CPU.ActiveCfg = Debug|Any CPU
		{80F00C50-326F-4EC6-AD0F-40268B8575D1}.Debug|Any CPU.Build.0 = Debug|Any CPU
		{80F00C50-326F-4EC6-AD0F-40268B8575D1}.Release|Any CPU.ActiveCfg = Release|Any CPU
		{80F00C50-326F-4EC6-AD0F-40268B8575D1}.Release|Any CPU.Build.0 = Release|Any CPU
		{94352D3F-6597-4C67-9238-9BF5902FFD10}.Debug|Any CPU.ActiveCfg = Debug|Any CPU
		{94352D3F-6597-4C67-9238-9BF5902FFD10}.Debug|Any CPU.Build.0 = Debug|Any CPU
		{94352D3F-6597-4C67-9238-9BF5902FFD10}.Release|Any CPU.ActiveCfg = Release|Any CPU
		{94352D3F-6597-4C67-9238-9BF5902FFD10}.Release|Any CPU.Build.0 = Release|Any CPU
		{6F763BA1-441C-4FFC-B467-0C5B5ABAE8E5}.Debug|Any CPU.ActiveCfg = Debug|Any CPU
		{6F763BA1-441C-4FFC-B467-0C5B5ABAE8E5}.Debug|Any CPU.Build.0 = Debug|Any CPU
		{6F763BA1-441C-4FFC-B467-0C5B5ABAE8E5}.Release|Any CPU.ActiveCfg = Release|Any CPU
		{6F763BA1-441C-4FFC-B467-0C5B5ABAE8E5}.Release|Any CPU.Build.0 = Release|Any CPU
		{65BDCA13-39AD-4281-B94F-3963F03664A2}.Debug|Any CPU.ActiveCfg = Debug|Any CPU
		{65BDCA13-39AD-4281-B94F-3963F03664A2}.Debug|Any CPU.Build.0 = Debug|Any CPU
		{65BDCA13-39AD-4281-B94F-3963F03664A2}.Release|Any CPU.ActiveCfg = Release|Any CPU
		{65BDCA13-39AD-4281-B94F-3963F03664A2}.Release|Any CPU.Build.0 = Release|Any CPU
	EndGlobalSection
	GlobalSection(SolutionProperties) = preSolution
		HideSolutionNode = FALSE
	EndGlobalSection
	GlobalSection(ExtensibilityGlobals) = postSolution
		SolutionGuid = {13638E6F-A172-40AB-A474-FD4197861A57}
	EndGlobalSection
EndGlobal
